// !$*UTF8*$!
{
	archiveVersion = 1;
	classes = {
	};
	objectVersion = 46;
	objects = {

/* Begin PBXBuildFile section */
		1E9840E9171409F900692C86 /* UIKit.framework in Frameworks */ = {isa = PBXBuildFile; fileRef = 1E9840E8171409F900692C86 /* UIKit.framework */; };
		1E9840EB171409F900692C86 /* Foundation.framework in Frameworks */ = {isa = PBXBuildFile; fileRef = 1E9840EA171409F900692C86 /* Foundation.framework */; };
		1E9840ED171409F900692C86 /* CoreGraphics.framework in Frameworks */ = {isa = PBXBuildFile; fileRef = 1E9840EC171409F900692C86 /* CoreGraphics.framework */; };
		1E9840F3171409FA00692C86 /* InfoPlist.strings in Resources */ = {isa = PBXBuildFile; fileRef = 1E9840F1171409FA00692C86 /* InfoPlist.strings */; };
		1E9840F5171409FA00692C86 /* main.m in Sources */ = {isa = PBXBuildFile; fileRef = 1E9840F4171409FA00692C86 /* main.m */; };
		1E9840F9171409FA00692C86 /* SSAppDelegate.m in Sources */ = {isa = PBXBuildFile; fileRef = 1E9840F8171409FA00692C86 /* SSAppDelegate.m */; };
		1E9840FB171409FA00692C86 /* Default.png in Resources */ = {isa = PBXBuildFile; fileRef = 1E9840FA171409FA00692C86 /* Default.png */; };
		1E9840FD171409FA00692C86 /* Default@2x.png in Resources */ = {isa = PBXBuildFile; fileRef = 1E9840FC171409FA00692C86 /* Default@2x.png */; };
		1E9840FF171409FA00692C86 /* Default-568h@2x.png in Resources */ = {isa = PBXBuildFile; fileRef = 1E9840FE171409FA00692C86 /* Default-568h@2x.png */; };
		1E98411517140A2C00692C86 /* InfoPlist.strings in Resources */ = {isa = PBXBuildFile; fileRef = 1E98411317140A2C00692C86 /* InfoPlist.strings */; };
		1E98411717140A2C00692C86 /* main.m in Sources */ = {isa = PBXBuildFile; fileRef = 1E98411617140A2C00692C86 /* main.m */; };
		1E98411B17140A2C00692C86 /* Credits.rtf in Resources */ = {isa = PBXBuildFile; fileRef = 1E98411917140A2C00692C86 /* Credits.rtf */; };
		1E98411E17140A2C00692C86 /* SSAppDelegate.m in Sources */ = {isa = PBXBuildFile; fileRef = 1E98411D17140A2C00692C86 /* SSAppDelegate.m */; };
		1E98412117140A2C00692C86 /* MainMenu.xib in Resources */ = {isa = PBXBuildFile; fileRef = 1E98411F17140A2C00692C86 /* MainMenu.xib */; };
		1E98412F1715B76600692C86 /* PushNotificationSettings.m in Sources */ = {isa = PBXBuildFile; fileRef = 1E9841261715B76600692C86 /* PushNotificationSettings.m */; };
		1E9841301715B76600692C86 /* SSBonjour.m in Sources */ = {isa = PBXBuildFile; fileRef = 1E9841281715B76600692C86 /* SSBonjour.m */; };
		1E9841311715B76600692C86 /* SSBonjourData.m in Sources */ = {isa = PBXBuildFile; fileRef = 1E98412A1715B76600692C86 /* SSBonjourData.m */; };
		1E9841321715B76600692C86 /* SSBonjourClient.m in Sources */ = {isa = PBXBuildFile; fileRef = 1E98412C1715B76600692C86 /* SSBonjourClient.m */; };
		1E9841331715B76600692C86 /* SSBonjourServer.m in Sources */ = {isa = PBXBuildFile; fileRef = 1E98412E1715B76600692C86 /* SSBonjourServer.m */; };
		1E98413A1715B79A00692C86 /* AFSharingSonicClient.m in Sources */ = {isa = PBXBuildFile; fileRef = 1E9841361715B79A00692C86 /* AFSharingSonicClient.m */; };
		1E98413B1715B79A00692C86 /* NetworkHelper.m in Sources */ = {isa = PBXBuildFile; fileRef = 1E9841391715B79A00692C86 /* NetworkHelper.m */; };
		1E98413F1715B7AD00692C86 /* SSFile.m in Sources */ = {isa = PBXBuildFile; fileRef = 1E98413E1715B7AD00692C86 /* SSFile.m */; };
		1E9841441715B7B600692C86 /* SoundGenerator.m in Sources */ = {isa = PBXBuildFile; fileRef = 1E9841411715B7B600692C86 /* SoundGenerator.m */; };
		1E9841451715B7B600692C86 /* SoundReceiver.m in Sources */ = {isa = PBXBuildFile; fileRef = 1E9841431715B7B600692C86 /* SoundReceiver.m */; };
		1E98414B1715B7E500692C86 /* FXImageView.m in Sources */ = {isa = PBXBuildFile; fileRef = 1E9841481715B7E500692C86 /* FXImageView.m */; };
		1E98414C1715B7E500692C86 /* UIImage+FX.m in Sources */ = {isa = PBXBuildFile; fileRef = 1E98414A1715B7E500692C86 /* UIImage+FX.m */; };
		1E9841501715BB4A00692C86 /* ReflectionView.m in Sources */ = {isa = PBXBuildFile; fileRef = 1E98414F1715BB4A00692C86 /* ReflectionView.m */; };
		1E98415A1715BB6E00692C86 /* UIButtonWithLargerTapArea.m in Sources */ = {isa = PBXBuildFile; fileRef = 1E9841541715BB6E00692C86 /* UIButtonWithLargerTapArea.m */; };
		1E98415B1715BB6E00692C86 /* WaveView.m in Sources */ = {isa = PBXBuildFile; fileRef = 1E9841561715BB6E00692C86 /* WaveView.m */; };
		1E98415C1715BB6E00692C86 /* PreviewCVC.m in Sources */ = {isa = PBXBuildFile; fileRef = 1E9841581715BB6E00692C86 /* PreviewCVC.m */; };
		1E98415D1715BB6E00692C86 /* CustomView.xib in Resources */ = {isa = PBXBuildFile; fileRef = 1E9841591715BB6E00692C86 /* CustomView.xib */; };
		1E9841621715BB8100692C86 /* ECSlidingViewController.m in Sources */ = {isa = PBXBuildFile; fileRef = 1E98415F1715BB8100692C86 /* ECSlidingViewController.m */; };
		1E9841631715BB8100692C86 /* UIImage+ImageWithUIView.m in Sources */ = {isa = PBXBuildFile; fileRef = 1E9841611715BB8100692C86 /* UIImage+ImageWithUIView.m */; };
		1E98416D17168AC200692C86 /* SonicTableViewCell.m in Sources */ = {isa = PBXBuildFile; fileRef = 1E98416617168AC200692C86 /* SonicTableViewCell.m */; };
		1E98416E17168AC200692C86 /* SonicHeaderTableViewCell.m in Sources */ = {isa = PBXBuildFile; fileRef = 1E98416817168AC200692C86 /* SonicHeaderTableViewCell.m */; };
		1E98416F17168AC200692C86 /* SonicTableView.m in Sources */ = {isa = PBXBuildFile; fileRef = 1E98416A17168AC200692C86 /* SonicTableView.m */; };
		1E98417017168AC200692C86 /* NSSonicData.m in Sources */ = {isa = PBXBuildFile; fileRef = 1E98416C17168AC200692C86 /* NSSonicData.m */; };
		1E98417717168AEF00692C86 /* MainViewController.m in Sources */ = {isa = PBXBuildFile; fileRef = 1E98417417168AEF00692C86 /* MainViewController.m */; };
		1E98417817168AEF00692C86 /* TestPushViewController.m in Sources */ = {isa = PBXBuildFile; fileRef = 1E98417617168AEF00692C86 /* TestPushViewController.m */; };
		1E98418317168AF800692C86 /* InitialSlidingViewController.m in Sources */ = {isa = PBXBuildFile; fileRef = 1E98417A17168AF800692C86 /* InitialSlidingViewController.m */; };
		1E98418417168AF800692C86 /* SidebarViewController.m in Sources */ = {isa = PBXBuildFile; fileRef = 1E98417C17168AF800692C86 /* SidebarViewController.m */; };
		1E98418517168AF800692C86 /* TextMessageViewController.m in Sources */ = {isa = PBXBuildFile; fileRef = 1E98417E17168AF800692C86 /* TextMessageViewController.m */; };
		1E98418617168AF800692C86 /* ImageViewController.m in Sources */ = {isa = PBXBuildFile; fileRef = 1E98418017168AF800692C86 /* ImageViewController.m */; };
		1E98418717168AF800692C86 /* SSImageViewController.m in Sources */ = {isa = PBXBuildFile; fileRef = 1E98418217168AF800692C86 /* SSImageViewController.m */; };
		1E98418B17168B1400692C86 /* ANSineWaveGenerator.m in Sources */ = {isa = PBXBuildFile; fileRef = 1E98418917168B1400692C86 /* ANSineWaveGenerator.m */; };
		1E98419117168B2800692C86 /* ANSampleBuffer.m in Sources */ = {isa = PBXBuildFile; fileRef = 1E98418E17168B2800692C86 /* ANSampleBuffer.m */; };
		1E98419217168B2800692C86 /* ANSampleOutput.mm in Sources */ = {isa = PBXBuildFile; fileRef = 1E98419017168B2800692C86 /* ANSampleOutput.mm */; };
		1E98419617168B3E00692C86 /* ANSampleInput.m in Sources */ = {isa = PBXBuildFile; fileRef = 1E98419517168B3E00692C86 /* ANSampleInput.m */; };
		1E98419C17168B4E00692C86 /* FrequencyAnalyzer.m in Sources */ = {isa = PBXBuildFile; fileRef = 1E98419917168B4E00692C86 /* FrequencyAnalyzer.m */; };
		1E98419D17168B4E00692C86 /* libfft.c in Sources */ = {isa = PBXBuildFile; fileRef = 1E98419A17168B4E00692C86 /* libfft.c */; };
		1E9841A117168B9000692C86 /* OpenUDID.m in Sources */ = {isa = PBXBuildFile; fileRef = 1E9841A017168B9000692C86 /* OpenUDID.m */; settings = {COMPILER_FLAGS = "-fno-objc-arc"; }; };
		1E9841A717168BA600692C86 /* NSString+DTUTI.m in Sources */ = {isa = PBXBuildFile; fileRef = 1E9841A417168BA600692C86 /* NSString+DTUTI.m */; };
		1E9841A817168BA600692C86 /* NSString+DTPaths.m in Sources */ = {isa = PBXBuildFile; fileRef = 1E9841A617168BA600692C86 /* NSString+DTPaths.m */; };
		1E9841BB17168BC600692C86 /* Camera.png in Resources */ = {isa = PBXBuildFile; fileRef = 1E9841AA17168BC600692C86 /* Camera.png */; };
		1E9841BC17168BC600692C86 /* Camera@2x.png in Resources */ = {isa = PBXBuildFile; fileRef = 1E9841AB17168BC600692C86 /* Camera@2x.png */; };
		1E9841BD17168BC600692C86 /* Cross.png in Resources */ = {isa = PBXBuildFile; fileRef = 1E9841AC17168BC600692C86 /* Cross.png */; };
		1E9841BE17168BC600692C86 /* Cross@2x.png in Resources */ = {isa = PBXBuildFile; fileRef = 1E9841AD17168BC600692C86 /* Cross@2x.png */; };
		1E9841BF17168BC600692C86 /* Music.png in Resources */ = {isa = PBXBuildFile; fileRef = 1E9841AE17168BC600692C86 /* Music.png */; };
		1E9841C017168BC600692C86 /* Music@2x.png in Resources */ = {isa = PBXBuildFile; fileRef = 1E9841AF17168BC600692C86 /* Music@2x.png */; };
		1E9841C117168BC600692C86 /* Pencil.png in Resources */ = {isa = PBXBuildFile; fileRef = 1E9841B017168BC600692C86 /* Pencil.png */; };
		1E9841C217168BC600692C86 /* Pencil@2x.png in Resources */ = {isa = PBXBuildFile; fileRef = 1E9841B117168BC600692C86 /* Pencil@2x.png */; };
		1E9841C317168BC600692C86 /* Photo.png in Resources */ = {isa = PBXBuildFile; fileRef = 1E9841B217168BC600692C86 /* Photo.png */; };
		1E9841C417168BC600692C86 /* Photo@2x.png in Resources */ = {isa = PBXBuildFile; fileRef = 1E9841B317168BC600692C86 /* Photo@2x.png */; };
		1E9841C517168BC600692C86 /* Setting.png in Resources */ = {isa = PBXBuildFile; fileRef = 1E9841B417168BC600692C86 /* Setting.png */; };
		1E9841C617168BC600692C86 /* Setting@2x.png in Resources */ = {isa = PBXBuildFile; fileRef = 1E9841B517168BC600692C86 /* Setting@2x.png */; };
		1E9841C717168BC600692C86 /* Tick.png in Resources */ = {isa = PBXBuildFile; fileRef = 1E9841B617168BC600692C86 /* Tick.png */; };
		1E9841C817168BC600692C86 /* Tick@2x.png in Resources */ = {isa = PBXBuildFile; fileRef = 1E9841B717168BC600692C86 /* Tick@2x.png */; };
		1E9841C917168BC600692C86 /* User.png in Resources */ = {isa = PBXBuildFile; fileRef = 1E9841B817168BC600692C86 /* User.png */; };
		1E9841CA17168BC600692C86 /* User@2x.png in Resources */ = {isa = PBXBuildFile; fileRef = 1E9841B917168BC600692C86 /* User@2x.png */; };
		1E9841CB17168BC600692C86 /* SidebarBackground.png in Resources */ = {isa = PBXBuildFile; fileRef = 1E9841BA17168BC600692C86 /* SidebarBackground.png */; };
		1E9841DA17168BD900692C86 /* placeholder.png in Resources */ = {isa = PBXBuildFile; fileRef = 1E9841CD17168BD900692C86 /* placeholder.png */; };
		1E9841DB17168BD900692C86 /* add@2x.png in Resources */ = {isa = PBXBuildFile; fileRef = 1E9841CE17168BD900692C86 /* add@2x.png */; };
		1E9841DC17168BD900692C86 /* add.png in Resources */ = {isa = PBXBuildFile; fileRef = 1E9841CF17168BD900692C86 /* add.png */; };
		1E9841DD17168BD900692C86 /* sound-wave.png in Resources */ = {isa = PBXBuildFile; fileRef = 1E9841D017168BD900692C86 /* sound-wave.png */; };
		1E9841DE17168BD900692C86 /* sound-wave@2x.png in Resources */ = {isa = PBXBuildFile; fileRef = 1E9841D117168BD900692C86 /* sound-wave@2x.png */; };
		1E9841DF17168BD900692C86 /* underline2.png in Resources */ = {isa = PBXBuildFile; fileRef = 1E9841D217168BD900692C86 /* underline2.png */; };
		1E9841E017168BD900692C86 /* underline2@2x.png in Resources */ = {isa = PBXBuildFile; fileRef = 1E9841D317168BD900692C86 /* underline2@2x.png */; };
		1E9841E117168BD900692C86 /* underline.png in Resources */ = {isa = PBXBuildFile; fileRef = 1E9841D417168BD900692C86 /* underline.png */; };
		1E9841E217168BD900692C86 /* underline1.png in Resources */ = {isa = PBXBuildFile; fileRef = 1E9841D517168BD900692C86 /* underline1.png */; };
		1E9841E317168BD900692C86 /* underline1@2x.png in Resources */ = {isa = PBXBuildFile; fileRef = 1E9841D617168BD900692C86 /* underline1@2x.png */; };
		1E9841E417168BD900692C86 /* underline@2x.png in Resources */ = {isa = PBXBuildFile; fileRef = 1E9841D717168BD900692C86 /* underline@2x.png */; };
		1E9841E517168BD900692C86 /* bubble@2x.png in Resources */ = {isa = PBXBuildFile; fileRef = 1E9841D817168BD900692C86 /* bubble@2x.png */; };
		1E9841E617168BD900692C86 /* bubble.png in Resources */ = {isa = PBXBuildFile; fileRef = 1E9841D917168BD900692C86 /* bubble.png */; };
		1E9841ED17168C2800692C86 /* Metro-Listen@2x.png in Resources */ = {isa = PBXBuildFile; fileRef = 1E9841E817168C2800692C86 /* Metro-Listen@2x.png */; };
		1E9841EE17168C2800692C86 /* Metro-Listen.png in Resources */ = {isa = PBXBuildFile; fileRef = 1E9841E917168C2800692C86 /* Metro-Listen.png */; };
		1E9841EF17168C2800692C86 /* NoImage.png in Resources */ = {isa = PBXBuildFile; fileRef = 1E9841EA17168C2800692C86 /* NoImage.png */; };
		1E9841F017168C2800692C86 /* Metro-Sound@2x.png in Resources */ = {isa = PBXBuildFile; fileRef = 1E9841EB17168C2800692C86 /* Metro-Sound@2x.png */; };
		1E9841F117168C2800692C86 /* Metro-Sound.png in Resources */ = {isa = PBXBuildFile; fileRef = 1E9841EC17168C2800692C86 /* Metro-Sound.png */; };
		1E9841F517168C4700692C86 /* SVProgressHUD.bundle in Resources */ = {isa = PBXBuildFile; fileRef = 1E9841F217168C4700692C86 /* SVProgressHUD.bundle */; };
		1E9841F617168C4700692C86 /* SVProgressHUD.m in Sources */ = {isa = PBXBuildFile; fileRef = 1E9841F417168C4700692C86 /* SVProgressHUD.m */; };
		1E9841FB17168C6F00692C86 /* NSString+SSPaths.m in Sources */ = {isa = PBXBuildFile; fileRef = 1E9841F917168C6F00692C86 /* NSString+SSPaths.m */; };
		1E9841FC17168C6F00692C86 /* MainStoryboard_iPhone.storyboard in Resources */ = {isa = PBXBuildFile; fileRef = 1E9841FA17168C6F00692C86 /* MainStoryboard_iPhone.storyboard */; };
		1E98420317168C8700692C86 /* NoteDictionary.m in Sources */ = {isa = PBXBuildFile; fileRef = 1E9841FF17168C8700692C86 /* NoteDictionary.m */; };
		1E98420417168C8700692C86 /* MD5.m in Sources */ = {isa = PBXBuildFile; fileRef = 1E98420117168C8700692C86 /* MD5.m */; };
		1E98420617168CD700692C86 /* QuartzCore.framework in Frameworks */ = {isa = PBXBuildFile; fileRef = 1E98420517168CD700692C86 /* QuartzCore.framework */; };
		1E98420817168CE100692C86 /* MobileCoreServices.framework in Frameworks */ = {isa = PBXBuildFile; fileRef = 1E98420717168CE100692C86 /* MobileCoreServices.framework */; };
		1E98420A17168CEE00692C86 /* AudioToolbox.framework in Frameworks */ = {isa = PBXBuildFile; fileRef = 1E98420917168CEE00692C86 /* AudioToolbox.framework */; };
		1E98420D1716920A00692C86 /* SSDragStatusView.m in Sources */ = {isa = PBXBuildFile; fileRef = 1E98420C1716920A00692C86 /* SSDragStatusView.m */; };
		1E9842111716921900692C86 /* SSStatusBarController.m in Sources */ = {isa = PBXBuildFile; fileRef = 1E9842101716921900692C86 /* SSStatusBarController.m */; };
		1E9842141716924800692C86 /* SSStatusBarController.xib in Resources */ = {isa = PBXBuildFile; fileRef = 1E9842131716924800692C86 /* SSStatusBarController.xib */; };
		1E9842161716929700692C86 /* SoundGenerator.m in Sources */ = {isa = PBXBuildFile; fileRef = 1E9841411715B7B600692C86 /* SoundGenerator.m */; };
		1E9842171716929A00692C86 /* SoundReceiver.m in Sources */ = {isa = PBXBuildFile; fileRef = 1E9841431715B7B600692C86 /* SoundReceiver.m */; };
		1E984218171692B900692C86 /* AFSharingSonicClient.m in Sources */ = {isa = PBXBuildFile; fileRef = 1E9841361715B79A00692C86 /* AFSharingSonicClient.m */; };
		1E9842191716938100692C86 /* NetworkHelper.m in Sources */ = {isa = PBXBuildFile; fileRef = 1E9841391715B79A00692C86 /* NetworkHelper.m */; };
		1E98421A171693A100692C86 /* SSBonjour.m in Sources */ = {isa = PBXBuildFile; fileRef = 1E9841281715B76600692C86 /* SSBonjour.m */; };
		1E98421B171693A100692C86 /* SSBonjourData.m in Sources */ = {isa = PBXBuildFile; fileRef = 1E98412A1715B76600692C86 /* SSBonjourData.m */; };
		1E98421C171693A100692C86 /* SSBonjourClient.m in Sources */ = {isa = PBXBuildFile; fileRef = 1E98412C1715B76600692C86 /* SSBonjourClient.m */; };
		1E98421D171693A100692C86 /* SSBonjourServer.m in Sources */ = {isa = PBXBuildFile; fileRef = 1E98412E1715B76600692C86 /* SSBonjourServer.m */; };
		1E98421E171693BD00692C86 /* ANSampleBuffer.m in Sources */ = {isa = PBXBuildFile; fileRef = 1E98418E17168B2800692C86 /* ANSampleBuffer.m */; };
		1E98421F171693BD00692C86 /* ANSampleOutput.mm in Sources */ = {isa = PBXBuildFile; fileRef = 1E98419017168B2800692C86 /* ANSampleOutput.mm */; };
		1E984220171693BD00692C86 /* ANSineWaveGenerator.m in Sources */ = {isa = PBXBuildFile; fileRef = 1E98418917168B1400692C86 /* ANSineWaveGenerator.m */; };
		1E984221171693C700692C86 /* ANSampleInput.m in Sources */ = {isa = PBXBuildFile; fileRef = 1E98419517168B3E00692C86 /* ANSampleInput.m */; };
		1E984222171693EC00692C86 /* FrequencyAnalyzer.m in Sources */ = {isa = PBXBuildFile; fileRef = 1E98419917168B4E00692C86 /* FrequencyAnalyzer.m */; };
		1E984223171693EC00692C86 /* libfft.c in Sources */ = {isa = PBXBuildFile; fileRef = 1E98419A17168B4E00692C86 /* libfft.c */; };
		1E9842241716943C00692C86 /* NSString+SSPaths.m in Sources */ = {isa = PBXBuildFile; fileRef = 1E9841F917168C6F00692C86 /* NSString+SSPaths.m */; };
		1E9842251716943C00692C86 /* NoteDictionary.m in Sources */ = {isa = PBXBuildFile; fileRef = 1E9841FF17168C8700692C86 /* NoteDictionary.m */; };
		1E9842261716943C00692C86 /* MD5.m in Sources */ = {isa = PBXBuildFile; fileRef = 1E98420117168C8700692C86 /* MD5.m */; };
		1E9842271716944400692C86 /* SSFile.m in Sources */ = {isa = PBXBuildFile; fileRef = 1E98413E1715B7AD00692C86 /* SSFile.m */; };
		1E9842281716945000692C86 /* NSString+DTUTI.m in Sources */ = {isa = PBXBuildFile; fileRef = 1E9841A417168BA600692C86 /* NSString+DTUTI.m */; };
		1E9842291716945000692C86 /* NSString+DTPaths.m in Sources */ = {isa = PBXBuildFile; fileRef = 1E9841A617168BA600692C86 /* NSString+DTPaths.m */; };
		1E98422C171694ED00692C86 /* Heart@2x.png in Resources */ = {isa = PBXBuildFile; fileRef = 1E98422A171694ED00692C86 /* Heart@2x.png */; };
		1E98422D171694ED00692C86 /* Heart.png in Resources */ = {isa = PBXBuildFile; fileRef = 1E98422B171694ED00692C86 /* Heart.png */; };
		1E98422F171695CE00692C86 /* AudioToolbox.framework in Frameworks */ = {isa = PBXBuildFile; fileRef = 1E98422E171695CD00692C86 /* AudioToolbox.framework */; };
		1E9842321716967900692C86 /* Cocoa.framework in Frameworks */ = {isa = PBXBuildFile; fileRef = 1E9842311716967800692C86 /* Cocoa.framework */; };
		AA8814741717F68E00FCAD92 /* SSActiveLocationViewController.m in Sources */ = {isa = PBXBuildFile; fileRef = AA8814731717F68E00FCAD92 /* SSActiveLocationViewController.m */; };
		AA8814761717FDEB00FCAD92 /* MapKit.framework in Frameworks */ = {isa = PBXBuildFile; fileRef = AA8814751717FDEB00FCAD92 /* MapKit.framework */; };
		AA88147917186A4800FCAD92 /* SSActiveLocationAnnotation.m in Sources */ = {isa = PBXBuildFile; fileRef = AA88147817186A4800FCAD92 /* SSActiveLocationAnnotation.m */; };
		AA88147B17193F7000FCAD92 /* CoreLocation.framework in Frameworks */ = {isa = PBXBuildFile; fileRef = AA88147A17193F7000FCAD92 /* CoreLocation.framework */; };
		B70AA35FD62F4960BE2D9D6C /* libPods.a in Frameworks */ = {isa = PBXBuildFile; fileRef = 5B5054C0946840A6AD4E1500 /* libPods.a */; };
		C4C879513BAE4D4593D028E2 /* libPods-SharingSonicMac.a in Frameworks */ = {isa = PBXBuildFile; fileRef = F32BFD0D675C4F4BBE982FC0 /* libPods-SharingSonicMac.a */; };
/* End PBXBuildFile section */

/* Begin PBXFileReference section */
		1E9840E5171409F900692C86 /* SharingSonic.app */ = {isa = PBXFileReference; explicitFileType = wrapper.application; includeInIndex = 0; path = SharingSonic.app; sourceTree = BUILT_PRODUCTS_DIR; };
		1E9840E8171409F900692C86 /* UIKit.framework */ = {isa = PBXFileReference; lastKnownFileType = wrapper.framework; name = UIKit.framework; path = System/Library/Frameworks/UIKit.framework; sourceTree = SDKROOT; };
		1E9840EA171409F900692C86 /* Foundation.framework */ = {isa = PBXFileReference; lastKnownFileType = wrapper.framework; name = Foundation.framework; path = System/Library/Frameworks/Foundation.framework; sourceTree = SDKROOT; };
		1E9840EC171409F900692C86 /* CoreGraphics.framework */ = {isa = PBXFileReference; lastKnownFileType = wrapper.framework; name = CoreGraphics.framework; path = System/Library/Frameworks/CoreGraphics.framework; sourceTree = SDKROOT; };
		1E9840F0171409FA00692C86 /* SharingSonic-Info.plist */ = {isa = PBXFileReference; lastKnownFileType = text.plist.xml; path = "SharingSonic-Info.plist"; sourceTree = "<group>"; };
		1E9840F2171409FA00692C86 /* en */ = {isa = PBXFileReference; lastKnownFileType = text.plist.strings; name = en; path = en.lproj/InfoPlist.strings; sourceTree = "<group>"; };
		1E9840F4171409FA00692C86 /* main.m */ = {isa = PBXFileReference; lastKnownFileType = sourcecode.c.objc; path = main.m; sourceTree = "<group>"; };
		1E9840F6171409FA00692C86 /* SharingSonic-Prefix.pch */ = {isa = PBXFileReference; lastKnownFileType = sourcecode.c.h; path = "SharingSonic-Prefix.pch"; sourceTree = "<group>"; };
		1E9840F7171409FA00692C86 /* SSAppDelegate.h */ = {isa = PBXFileReference; lastKnownFileType = sourcecode.c.h; path = SSAppDelegate.h; sourceTree = "<group>"; };
		1E9840F8171409FA00692C86 /* SSAppDelegate.m */ = {isa = PBXFileReference; lastKnownFileType = sourcecode.c.objc; path = SSAppDelegate.m; sourceTree = "<group>"; };
		1E9840FA171409FA00692C86 /* Default.png */ = {isa = PBXFileReference; lastKnownFileType = image.png; path = Default.png; sourceTree = "<group>"; };
		1E9840FC171409FA00692C86 /* Default@2x.png */ = {isa = PBXFileReference; lastKnownFileType = image.png; path = "Default@2x.png"; sourceTree = "<group>"; };
		1E9840FE171409FA00692C86 /* Default-568h@2x.png */ = {isa = PBXFileReference; lastKnownFileType = image.png; path = "Default-568h@2x.png"; sourceTree = "<group>"; };
		1E98410917140A2C00692C86 /* SharingSonicMac.app */ = {isa = PBXFileReference; explicitFileType = wrapper.application; includeInIndex = 0; path = SharingSonicMac.app; sourceTree = BUILT_PRODUCTS_DIR; };
		1E98411217140A2C00692C86 /* SharingSonicMac-Info.plist */ = {isa = PBXFileReference; lastKnownFileType = text.plist.xml; path = "SharingSonicMac-Info.plist"; sourceTree = "<group>"; };
		1E98411417140A2C00692C86 /* en */ = {isa = PBXFileReference; lastKnownFileType = text.plist.strings; name = en; path = en.lproj/InfoPlist.strings; sourceTree = "<group>"; };
		1E98411617140A2C00692C86 /* main.m */ = {isa = PBXFileReference; lastKnownFileType = sourcecode.c.objc; path = main.m; sourceTree = "<group>"; };
		1E98411817140A2C00692C86 /* SharingSonicMac-Prefix.pch */ = {isa = PBXFileReference; lastKnownFileType = sourcecode.c.h; path = "SharingSonicMac-Prefix.pch"; sourceTree = "<group>"; };
		1E98411A17140A2C00692C86 /* en */ = {isa = PBXFileReference; lastKnownFileType = text.rtf; name = en; path = en.lproj/Credits.rtf; sourceTree = "<group>"; };
		1E98411C17140A2C00692C86 /* SSAppDelegate.h */ = {isa = PBXFileReference; lastKnownFileType = sourcecode.c.h; path = SSAppDelegate.h; sourceTree = "<group>"; };
		1E98411D17140A2C00692C86 /* SSAppDelegate.m */ = {isa = PBXFileReference; lastKnownFileType = sourcecode.c.objc; path = SSAppDelegate.m; sourceTree = "<group>"; };
		1E98412017140A2C00692C86 /* en */ = {isa = PBXFileReference; lastKnownFileType = file.xib; name = en; path = en.lproj/MainMenu.xib; sourceTree = "<group>"; };
		1E9841251715B76600692C86 /* PushNotificationSettings.h */ = {isa = PBXFileReference; fileEncoding = 4; lastKnownFileType = sourcecode.c.h; path = PushNotificationSettings.h; sourceTree = "<group>"; };
		1E9841261715B76600692C86 /* PushNotificationSettings.m */ = {isa = PBXFileReference; fileEncoding = 4; lastKnownFileType = sourcecode.c.objc; path = PushNotificationSettings.m; sourceTree = "<group>"; };
		1E9841271715B76600692C86 /* SSBonjour.h */ = {isa = PBXFileReference; fileEncoding = 4; lastKnownFileType = sourcecode.c.h; path = SSBonjour.h; sourceTree = "<group>"; };
		1E9841281715B76600692C86 /* SSBonjour.m */ = {isa = PBXFileReference; fileEncoding = 4; lastKnownFileType = sourcecode.c.objc; path = SSBonjour.m; sourceTree = "<group>"; };
		1E9841291715B76600692C86 /* SSBonjourData.h */ = {isa = PBXFileReference; fileEncoding = 4; lastKnownFileType = sourcecode.c.h; path = SSBonjourData.h; sourceTree = "<group>"; };
		1E98412A1715B76600692C86 /* SSBonjourData.m */ = {isa = PBXFileReference; fileEncoding = 4; lastKnownFileType = sourcecode.c.objc; path = SSBonjourData.m; sourceTree = "<group>"; };
		1E98412B1715B76600692C86 /* SSBonjourClient.h */ = {isa = PBXFileReference; fileEncoding = 4; lastKnownFileType = sourcecode.c.h; path = SSBonjourClient.h; sourceTree = "<group>"; };
		1E98412C1715B76600692C86 /* SSBonjourClient.m */ = {isa = PBXFileReference; fileEncoding = 4; lastKnownFileType = sourcecode.c.objc; path = SSBonjourClient.m; sourceTree = "<group>"; };
		1E98412D1715B76600692C86 /* SSBonjourServer.h */ = {isa = PBXFileReference; fileEncoding = 4; lastKnownFileType = sourcecode.c.h; path = SSBonjourServer.h; sourceTree = "<group>"; };
		1E98412E1715B76600692C86 /* SSBonjourServer.m */ = {isa = PBXFileReference; fileEncoding = 4; lastKnownFileType = sourcecode.c.objc; path = SSBonjourServer.m; sourceTree = "<group>"; };
		1E9841351715B79A00692C86 /* AFSharingSonicClient.h */ = {isa = PBXFileReference; fileEncoding = 4; lastKnownFileType = sourcecode.c.h; path = AFSharingSonicClient.h; sourceTree = "<group>"; };
		1E9841361715B79A00692C86 /* AFSharingSonicClient.m */ = {isa = PBXFileReference; fileEncoding = 4; lastKnownFileType = sourcecode.c.objc; path = AFSharingSonicClient.m; sourceTree = "<group>"; };
		1E9841371715B79A00692C86 /* ServerBaseURL.h */ = {isa = PBXFileReference; fileEncoding = 4; lastKnownFileType = sourcecode.c.h; path = ServerBaseURL.h; sourceTree = "<group>"; };
		1E9841381715B79A00692C86 /* NetworkHelper.h */ = {isa = PBXFileReference; fileEncoding = 4; lastKnownFileType = sourcecode.c.h; path = NetworkHelper.h; sourceTree = "<group>"; };
		1E9841391715B79A00692C86 /* NetworkHelper.m */ = {isa = PBXFileReference; fileEncoding = 4; lastKnownFileType = sourcecode.c.objc; path = NetworkHelper.m; sourceTree = "<group>"; };
		1E98413D1715B7AD00692C86 /* SSFile.h */ = {isa = PBXFileReference; fileEncoding = 4; lastKnownFileType = sourcecode.c.h; path = SSFile.h; sourceTree = "<group>"; };
		1E98413E1715B7AD00692C86 /* SSFile.m */ = {isa = PBXFileReference; fileEncoding = 4; lastKnownFileType = sourcecode.c.objc; path = SSFile.m; sourceTree = "<group>"; };
		1E9841401715B7B600692C86 /* SoundGenerator.h */ = {isa = PBXFileReference; fileEncoding = 4; lastKnownFileType = sourcecode.c.h; path = SoundGenerator.h; sourceTree = "<group>"; };
		1E9841411715B7B600692C86 /* SoundGenerator.m */ = {isa = PBXFileReference; fileEncoding = 4; lastKnownFileType = sourcecode.c.objc; path = SoundGenerator.m; sourceTree = "<group>"; };
		1E9841421715B7B600692C86 /* SoundReceiver.h */ = {isa = PBXFileReference; fileEncoding = 4; lastKnownFileType = sourcecode.c.h; path = SoundReceiver.h; sourceTree = "<group>"; };
		1E9841431715B7B600692C86 /* SoundReceiver.m */ = {isa = PBXFileReference; fileEncoding = 4; lastKnownFileType = sourcecode.c.objc; path = SoundReceiver.m; sourceTree = "<group>"; };
		1E9841471715B7E500692C86 /* FXImageView.h */ = {isa = PBXFileReference; fileEncoding = 4; lastKnownFileType = sourcecode.c.h; path = FXImageView.h; sourceTree = "<group>"; };
		1E9841481715B7E500692C86 /* FXImageView.m */ = {isa = PBXFileReference; fileEncoding = 4; lastKnownFileType = sourcecode.c.objc; path = FXImageView.m; sourceTree = "<group>"; };
		1E9841491715B7E500692C86 /* UIImage+FX.h */ = {isa = PBXFileReference; fileEncoding = 4; lastKnownFileType = sourcecode.c.h; path = "UIImage+FX.h"; sourceTree = "<group>"; };
		1E98414A1715B7E500692C86 /* UIImage+FX.m */ = {isa = PBXFileReference; fileEncoding = 4; lastKnownFileType = sourcecode.c.objc; path = "UIImage+FX.m"; sourceTree = "<group>"; };
		1E98414E1715BB4A00692C86 /* ReflectionView.h */ = {isa = PBXFileReference; fileEncoding = 4; lastKnownFileType = sourcecode.c.h; path = ReflectionView.h; sourceTree = "<group>"; };
		1E98414F1715BB4A00692C86 /* ReflectionView.m */ = {isa = PBXFileReference; fileEncoding = 4; lastKnownFileType = sourcecode.c.objc; path = ReflectionView.m; sourceTree = "<group>"; };
		1E9841531715BB6E00692C86 /* UIButtonWithLargerTapArea.h */ = {isa = PBXFileReference; fileEncoding = 4; lastKnownFileType = sourcecode.c.h; path = UIButtonWithLargerTapArea.h; sourceTree = "<group>"; };
		1E9841541715BB6E00692C86 /* UIButtonWithLargerTapArea.m */ = {isa = PBXFileReference; fileEncoding = 4; lastKnownFileType = sourcecode.c.objc; path = UIButtonWithLargerTapArea.m; sourceTree = "<group>"; };
		1E9841551715BB6E00692C86 /* WaveView.h */ = {isa = PBXFileReference; fileEncoding = 4; lastKnownFileType = sourcecode.c.h; path = WaveView.h; sourceTree = "<group>"; };
		1E9841561715BB6E00692C86 /* WaveView.m */ = {isa = PBXFileReference; fileEncoding = 4; lastKnownFileType = sourcecode.c.objc; path = WaveView.m; sourceTree = "<group>"; };
		1E9841571715BB6E00692C86 /* PreviewCVC.h */ = {isa = PBXFileReference; fileEncoding = 4; lastKnownFileType = sourcecode.c.h; path = PreviewCVC.h; sourceTree = "<group>"; };
		1E9841581715BB6E00692C86 /* PreviewCVC.m */ = {isa = PBXFileReference; fileEncoding = 4; lastKnownFileType = sourcecode.c.objc; path = PreviewCVC.m; sourceTree = "<group>"; };
		1E9841591715BB6E00692C86 /* CustomView.xib */ = {isa = PBXFileReference; fileEncoding = 4; lastKnownFileType = file.xib; path = CustomView.xib; sourceTree = "<group>"; };
		1E98415E1715BB8100692C86 /* ECSlidingViewController.h */ = {isa = PBXFileReference; fileEncoding = 4; lastKnownFileType = sourcecode.c.h; path = ECSlidingViewController.h; sourceTree = "<group>"; };
		1E98415F1715BB8100692C86 /* ECSlidingViewController.m */ = {isa = PBXFileReference; fileEncoding = 4; lastKnownFileType = sourcecode.c.objc; path = ECSlidingViewController.m; sourceTree = "<group>"; };
		1E9841601715BB8100692C86 /* UIImage+ImageWithUIView.h */ = {isa = PBXFileReference; fileEncoding = 4; lastKnownFileType = sourcecode.c.h; path = "UIImage+ImageWithUIView.h"; sourceTree = "<group>"; };
		1E9841611715BB8100692C86 /* UIImage+ImageWithUIView.m */ = {isa = PBXFileReference; fileEncoding = 4; lastKnownFileType = sourcecode.c.objc; path = "UIImage+ImageWithUIView.m"; sourceTree = "<group>"; };
		1E98416517168AC200692C86 /* SonicTableViewCell.h */ = {isa = PBXFileReference; fileEncoding = 4; lastKnownFileType = sourcecode.c.h; path = SonicTableViewCell.h; sourceTree = "<group>"; };
		1E98416617168AC200692C86 /* SonicTableViewCell.m */ = {isa = PBXFileReference; fileEncoding = 4; lastKnownFileType = sourcecode.c.objc; path = SonicTableViewCell.m; sourceTree = "<group>"; };
		1E98416717168AC200692C86 /* SonicHeaderTableViewCell.h */ = {isa = PBXFileReference; fileEncoding = 4; lastKnownFileType = sourcecode.c.h; path = SonicHeaderTableViewCell.h; sourceTree = "<group>"; };
		1E98416817168AC200692C86 /* SonicHeaderTableViewCell.m */ = {isa = PBXFileReference; fileEncoding = 4; lastKnownFileType = sourcecode.c.objc; path = SonicHeaderTableViewCell.m; sourceTree = "<group>"; };
		1E98416917168AC200692C86 /* SonicTableView.h */ = {isa = PBXFileReference; fileEncoding = 4; lastKnownFileType = sourcecode.c.h; path = SonicTableView.h; sourceTree = "<group>"; };
		1E98416A17168AC200692C86 /* SonicTableView.m */ = {isa = PBXFileReference; fileEncoding = 4; lastKnownFileType = sourcecode.c.objc; path = SonicTableView.m; sourceTree = "<group>"; };
		1E98416B17168AC200692C86 /* NSSonicData.h */ = {isa = PBXFileReference; fileEncoding = 4; lastKnownFileType = sourcecode.c.h; path = NSSonicData.h; sourceTree = "<group>"; };
		1E98416C17168AC200692C86 /* NSSonicData.m */ = {isa = PBXFileReference; fileEncoding = 4; lastKnownFileType = sourcecode.c.objc; path = NSSonicData.m; sourceTree = "<group>"; };
		1E98417317168AEE00692C86 /* MainViewController.h */ = {isa = PBXFileReference; fileEncoding = 4; lastKnownFileType = sourcecode.c.h; path = MainViewController.h; sourceTree = "<group>"; };
		1E98417417168AEF00692C86 /* MainViewController.m */ = {isa = PBXFileReference; fileEncoding = 4; lastKnownFileType = sourcecode.c.objc; path = MainViewController.m; sourceTree = "<group>"; };
		1E98417517168AEF00692C86 /* TestPushViewController.h */ = {isa = PBXFileReference; fileEncoding = 4; lastKnownFileType = sourcecode.c.h; path = TestPushViewController.h; sourceTree = "<group>"; };
		1E98417617168AEF00692C86 /* TestPushViewController.m */ = {isa = PBXFileReference; fileEncoding = 4; lastKnownFileType = sourcecode.c.objc; path = TestPushViewController.m; sourceTree = "<group>"; };
		1E98417917168AF800692C86 /* InitialSlidingViewController.h */ = {isa = PBXFileReference; fileEncoding = 4; lastKnownFileType = sourcecode.c.h; path = InitialSlidingViewController.h; sourceTree = "<group>"; };
		1E98417A17168AF800692C86 /* InitialSlidingViewController.m */ = {isa = PBXFileReference; fileEncoding = 4; lastKnownFileType = sourcecode.c.objc; path = InitialSlidingViewController.m; sourceTree = "<group>"; };
		1E98417B17168AF800692C86 /* SidebarViewController.h */ = {isa = PBXFileReference; fileEncoding = 4; lastKnownFileType = sourcecode.c.h; path = SidebarViewController.h; sourceTree = "<group>"; };
		1E98417C17168AF800692C86 /* SidebarViewController.m */ = {isa = PBXFileReference; fileEncoding = 4; lastKnownFileType = sourcecode.c.objc; path = SidebarViewController.m; sourceTree = "<group>"; };
		1E98417D17168AF800692C86 /* TextMessageViewController.h */ = {isa = PBXFileReference; fileEncoding = 4; lastKnownFileType = sourcecode.c.h; path = TextMessageViewController.h; sourceTree = "<group>"; };
		1E98417E17168AF800692C86 /* TextMessageViewController.m */ = {isa = PBXFileReference; fileEncoding = 4; lastKnownFileType = sourcecode.c.objc; path = TextMessageViewController.m; sourceTree = "<group>"; };
		1E98417F17168AF800692C86 /* ImageViewController.h */ = {isa = PBXFileReference; fileEncoding = 4; lastKnownFileType = sourcecode.c.h; path = ImageViewController.h; sourceTree = "<group>"; };
		1E98418017168AF800692C86 /* ImageViewController.m */ = {isa = PBXFileReference; fileEncoding = 4; lastKnownFileType = sourcecode.c.objc; path = ImageViewController.m; sourceTree = "<group>"; };
		1E98418117168AF800692C86 /* SSImageViewController.h */ = {isa = PBXFileReference; fileEncoding = 4; lastKnownFileType = sourcecode.c.h; path = SSImageViewController.h; sourceTree = "<group>"; };
		1E98418217168AF800692C86 /* SSImageViewController.m */ = {isa = PBXFileReference; fileEncoding = 4; lastKnownFileType = sourcecode.c.objc; path = SSImageViewController.m; sourceTree = "<group>"; };
		1E98418817168B1400692C86 /* ANSineWaveGenerator.h */ = {isa = PBXFileReference; fileEncoding = 4; lastKnownFileType = sourcecode.c.h; path = ANSineWaveGenerator.h; sourceTree = "<group>"; };
		1E98418917168B1400692C86 /* ANSineWaveGenerator.m */ = {isa = PBXFileReference; fileEncoding = 4; lastKnownFileType = sourcecode.c.objc; path = ANSineWaveGenerator.m; sourceTree = "<group>"; };
		1E98418A17168B1400692C86 /* ANWaveGenerator.h */ = {isa = PBXFileReference; fileEncoding = 4; lastKnownFileType = sourcecode.c.h; path = ANWaveGenerator.h; sourceTree = "<group>"; };
		1E98418D17168B2800692C86 /* ANSampleBuffer.h */ = {isa = PBXFileReference; fileEncoding = 4; lastKnownFileType = sourcecode.c.h; path = ANSampleBuffer.h; sourceTree = "<group>"; };
		1E98418E17168B2800692C86 /* ANSampleBuffer.m */ = {isa = PBXFileReference; fileEncoding = 4; lastKnownFileType = sourcecode.c.objc; path = ANSampleBuffer.m; sourceTree = "<group>"; };
		1E98418F17168B2800692C86 /* ANSampleOutput.h */ = {isa = PBXFileReference; fileEncoding = 4; lastKnownFileType = sourcecode.c.h; path = ANSampleOutput.h; sourceTree = "<group>"; };
		1E98419017168B2800692C86 /* ANSampleOutput.mm */ = {isa = PBXFileReference; fileEncoding = 4; lastKnownFileType = sourcecode.cpp.objcpp; path = ANSampleOutput.mm; sourceTree = "<group>"; };
		1E98419417168B3E00692C86 /* ANSampleInput.h */ = {isa = PBXFileReference; fileEncoding = 4; lastKnownFileType = sourcecode.c.h; path = ANSampleInput.h; sourceTree = "<group>"; };
		1E98419517168B3E00692C86 /* ANSampleInput.m */ = {isa = PBXFileReference; fileEncoding = 4; lastKnownFileType = sourcecode.c.objc; path = ANSampleInput.m; sourceTree = "<group>"; };
		1E98419817168B4E00692C86 /* FrequencyAnalyzer.h */ = {isa = PBXFileReference; fileEncoding = 4; lastKnownFileType = sourcecode.c.h; path = FrequencyAnalyzer.h; sourceTree = "<group>"; };
		1E98419917168B4E00692C86 /* FrequencyAnalyzer.m */ = {isa = PBXFileReference; fileEncoding = 4; lastKnownFileType = sourcecode.c.objc; path = FrequencyAnalyzer.m; sourceTree = "<group>"; };
		1E98419A17168B4E00692C86 /* libfft.c */ = {isa = PBXFileReference; fileEncoding = 4; lastKnownFileType = sourcecode.c.c; path = libfft.c; sourceTree = "<group>"; };
		1E98419B17168B4E00692C86 /* libfft.h */ = {isa = PBXFileReference; fileEncoding = 4; lastKnownFileType = sourcecode.c.h; path = libfft.h; sourceTree = "<group>"; };
		1E98419F17168B9000692C86 /* OpenUDID.h */ = {isa = PBXFileReference; fileEncoding = 4; lastKnownFileType = sourcecode.c.h; path = OpenUDID.h; sourceTree = "<group>"; };
		1E9841A017168B9000692C86 /* OpenUDID.m */ = {isa = PBXFileReference; fileEncoding = 4; lastKnownFileType = sourcecode.c.objc; path = OpenUDID.m; sourceTree = "<group>"; };
		1E9841A317168BA600692C86 /* NSString+DTUTI.h */ = {isa = PBXFileReference; fileEncoding = 4; lastKnownFileType = sourcecode.c.h; path = "NSString+DTUTI.h"; sourceTree = "<group>"; };
		1E9841A417168BA600692C86 /* NSString+DTUTI.m */ = {isa = PBXFileReference; fileEncoding = 4; lastKnownFileType = sourcecode.c.objc; path = "NSString+DTUTI.m"; sourceTree = "<group>"; };
		1E9841A517168BA600692C86 /* NSString+DTPaths.h */ = {isa = PBXFileReference; fileEncoding = 4; lastKnownFileType = sourcecode.c.h; path = "NSString+DTPaths.h"; sourceTree = "<group>"; };
		1E9841A617168BA600692C86 /* NSString+DTPaths.m */ = {isa = PBXFileReference; fileEncoding = 4; lastKnownFileType = sourcecode.c.objc; path = "NSString+DTPaths.m"; sourceTree = "<group>"; };
		1E9841AA17168BC600692C86 /* Camera.png */ = {isa = PBXFileReference; lastKnownFileType = image.png; path = Camera.png; sourceTree = "<group>"; };
		1E9841AB17168BC600692C86 /* Camera@2x.png */ = {isa = PBXFileReference; lastKnownFileType = image.png; path = "Camera@2x.png"; sourceTree = "<group>"; };
		1E9841AC17168BC600692C86 /* Cross.png */ = {isa = PBXFileReference; lastKnownFileType = image.png; path = Cross.png; sourceTree = "<group>"; };
		1E9841AD17168BC600692C86 /* Cross@2x.png */ = {isa = PBXFileReference; lastKnownFileType = image.png; path = "Cross@2x.png"; sourceTree = "<group>"; };
		1E9841AE17168BC600692C86 /* Music.png */ = {isa = PBXFileReference; lastKnownFileType = image.png; path = Music.png; sourceTree = "<group>"; };
		1E9841AF17168BC600692C86 /* Music@2x.png */ = {isa = PBXFileReference; lastKnownFileType = image.png; path = "Music@2x.png"; sourceTree = "<group>"; };
		1E9841B017168BC600692C86 /* Pencil.png */ = {isa = PBXFileReference; lastKnownFileType = image.png; path = Pencil.png; sourceTree = "<group>"; };
		1E9841B117168BC600692C86 /* Pencil@2x.png */ = {isa = PBXFileReference; lastKnownFileType = image.png; path = "Pencil@2x.png"; sourceTree = "<group>"; };
		1E9841B217168BC600692C86 /* Photo.png */ = {isa = PBXFileReference; lastKnownFileType = image.png; path = Photo.png; sourceTree = "<group>"; };
		1E9841B317168BC600692C86 /* Photo@2x.png */ = {isa = PBXFileReference; lastKnownFileType = image.png; path = "Photo@2x.png"; sourceTree = "<group>"; };
		1E9841B417168BC600692C86 /* Setting.png */ = {isa = PBXFileReference; lastKnownFileType = image.png; path = Setting.png; sourceTree = "<group>"; };
		1E9841B517168BC600692C86 /* Setting@2x.png */ = {isa = PBXFileReference; lastKnownFileType = image.png; path = "Setting@2x.png"; sourceTree = "<group>"; };
		1E9841B617168BC600692C86 /* Tick.png */ = {isa = PBXFileReference; lastKnownFileType = image.png; path = Tick.png; sourceTree = "<group>"; };
		1E9841B717168BC600692C86 /* Tick@2x.png */ = {isa = PBXFileReference; lastKnownFileType = image.png; path = "Tick@2x.png"; sourceTree = "<group>"; };
		1E9841B817168BC600692C86 /* User.png */ = {isa = PBXFileReference; lastKnownFileType = image.png; path = User.png; sourceTree = "<group>"; };
		1E9841B917168BC600692C86 /* User@2x.png */ = {isa = PBXFileReference; lastKnownFileType = image.png; path = "User@2x.png"; sourceTree = "<group>"; };
		1E9841BA17168BC600692C86 /* SidebarBackground.png */ = {isa = PBXFileReference; lastKnownFileType = image.png; path = SidebarBackground.png; sourceTree = "<group>"; };
		1E9841CD17168BD900692C86 /* placeholder.png */ = {isa = PBXFileReference; lastKnownFileType = image.png; path = placeholder.png; sourceTree = "<group>"; };
		1E9841CE17168BD900692C86 /* add@2x.png */ = {isa = PBXFileReference; lastKnownFileType = image.png; path = "add@2x.png"; sourceTree = "<group>"; };
		1E9841CF17168BD900692C86 /* add.png */ = {isa = PBXFileReference; lastKnownFileType = image.png; path = add.png; sourceTree = "<group>"; };
		1E9841D017168BD900692C86 /* sound-wave.png */ = {isa = PBXFileReference; lastKnownFileType = image.png; path = "sound-wave.png"; sourceTree = "<group>"; };
		1E9841D117168BD900692C86 /* sound-wave@2x.png */ = {isa = PBXFileReference; lastKnownFileType = image.png; path = "sound-wave@2x.png"; sourceTree = "<group>"; };
		1E9841D217168BD900692C86 /* underline2.png */ = {isa = PBXFileReference; lastKnownFileType = image.png; path = underline2.png; sourceTree = "<group>"; };
		1E9841D317168BD900692C86 /* underline2@2x.png */ = {isa = PBXFileReference; lastKnownFileType = image.png; path = "underline2@2x.png"; sourceTree = "<group>"; };
		1E9841D417168BD900692C86 /* underline.png */ = {isa = PBXFileReference; lastKnownFileType = image.png; path = underline.png; sourceTree = "<group>"; };
		1E9841D517168BD900692C86 /* underline1.png */ = {isa = PBXFileReference; lastKnownFileType = image.png; path = underline1.png; sourceTree = "<group>"; };
		1E9841D617168BD900692C86 /* underline1@2x.png */ = {isa = PBXFileReference; lastKnownFileType = image.png; path = "underline1@2x.png"; sourceTree = "<group>"; };
		1E9841D717168BD900692C86 /* underline@2x.png */ = {isa = PBXFileReference; lastKnownFileType = image.png; path = "underline@2x.png"; sourceTree = "<group>"; };
		1E9841D817168BD900692C86 /* bubble@2x.png */ = {isa = PBXFileReference; lastKnownFileType = image.png; path = "bubble@2x.png"; sourceTree = "<group>"; };
		1E9841D917168BD900692C86 /* bubble.png */ = {isa = PBXFileReference; lastKnownFileType = image.png; path = bubble.png; sourceTree = "<group>"; };
		1E9841E817168C2800692C86 /* Metro-Listen@2x.png */ = {isa = PBXFileReference; lastKnownFileType = image.png; path = "Metro-Listen@2x.png"; sourceTree = "<group>"; };
		1E9841E917168C2800692C86 /* Metro-Listen.png */ = {isa = PBXFileReference; lastKnownFileType = image.png; path = "Metro-Listen.png"; sourceTree = "<group>"; };
		1E9841EA17168C2800692C86 /* NoImage.png */ = {isa = PBXFileReference; lastKnownFileType = image.png; path = NoImage.png; sourceTree = "<group>"; };
		1E9841EB17168C2800692C86 /* Metro-Sound@2x.png */ = {isa = PBXFileReference; lastKnownFileType = image.png; path = "Metro-Sound@2x.png"; sourceTree = "<group>"; };
		1E9841EC17168C2800692C86 /* Metro-Sound.png */ = {isa = PBXFileReference; lastKnownFileType = image.png; path = "Metro-Sound.png"; sourceTree = "<group>"; };
		1E9841F217168C4700692C86 /* SVProgressHUD.bundle */ = {isa = PBXFileReference; lastKnownFileType = "wrapper.plug-in"; path = SVProgressHUD.bundle; sourceTree = "<group>"; };
		1E9841F317168C4700692C86 /* SVProgressHUD.h */ = {isa = PBXFileReference; fileEncoding = 4; lastKnownFileType = sourcecode.c.h; path = SVProgressHUD.h; sourceTree = "<group>"; };
		1E9841F417168C4700692C86 /* SVProgressHUD.m */ = {isa = PBXFileReference; fileEncoding = 4; lastKnownFileType = sourcecode.c.objc; path = SVProgressHUD.m; sourceTree = "<group>"; };
		1E9841F817168C6F00692C86 /* NSString+SSPaths.h */ = {isa = PBXFileReference; fileEncoding = 4; lastKnownFileType = sourcecode.c.h; path = "NSString+SSPaths.h"; sourceTree = "<group>"; };
		1E9841F917168C6F00692C86 /* NSString+SSPaths.m */ = {isa = PBXFileReference; fileEncoding = 4; lastKnownFileType = sourcecode.c.objc; path = "NSString+SSPaths.m"; sourceTree = "<group>"; };
		1E9841FA17168C6F00692C86 /* MainStoryboard_iPhone.storyboard */ = {isa = PBXFileReference; fileEncoding = 4; lastKnownFileType = file.storyboard; path = MainStoryboard_iPhone.storyboard; sourceTree = "<group>"; };
		1E9841FD17168C8700692C86 /* BasicParameters.h */ = {isa = PBXFileReference; fileEncoding = 4; lastKnownFileType = sourcecode.c.h; path = BasicParameters.h; sourceTree = "<group>"; };
		1E9841FE17168C8700692C86 /* NoteDictionary.h */ = {isa = PBXFileReference; fileEncoding = 4; lastKnownFileType = sourcecode.c.h; path = NoteDictionary.h; sourceTree = "<group>"; };
		1E9841FF17168C8700692C86 /* NoteDictionary.m */ = {isa = PBXFileReference; fileEncoding = 4; lastKnownFileType = sourcecode.c.objc; path = NoteDictionary.m; sourceTree = "<group>"; };
		1E98420017168C8700692C86 /* MD5.h */ = {isa = PBXFileReference; fileEncoding = 4; lastKnownFileType = sourcecode.c.h; path = MD5.h; sourceTree = "<group>"; };
		1E98420117168C8700692C86 /* MD5.m */ = {isa = PBXFileReference; fileEncoding = 4; lastKnownFileType = sourcecode.c.objc; path = MD5.m; sourceTree = "<group>"; };
		1E98420217168C8700692C86 /* DataType.h */ = {isa = PBXFileReference; fileEncoding = 4; lastKnownFileType = sourcecode.c.h; path = DataType.h; sourceTree = "<group>"; };
		1E98420517168CD700692C86 /* QuartzCore.framework */ = {isa = PBXFileReference; lastKnownFileType = wrapper.framework; name = QuartzCore.framework; path = System/Library/Frameworks/QuartzCore.framework; sourceTree = SDKROOT; };
		1E98420717168CE100692C86 /* MobileCoreServices.framework */ = {isa = PBXFileReference; lastKnownFileType = wrapper.framework; name = MobileCoreServices.framework; path = System/Library/Frameworks/MobileCoreServices.framework; sourceTree = SDKROOT; };
		1E98420917168CEE00692C86 /* AudioToolbox.framework */ = {isa = PBXFileReference; lastKnownFileType = wrapper.framework; name = AudioToolbox.framework; path = System/Library/Frameworks/AudioToolbox.framework; sourceTree = SDKROOT; };
		1E98420B1716920A00692C86 /* SSDragStatusView.h */ = {isa = PBXFileReference; fileEncoding = 4; lastKnownFileType = sourcecode.c.h; path = SSDragStatusView.h; sourceTree = "<group>"; };
		1E98420C1716920A00692C86 /* SSDragStatusView.m */ = {isa = PBXFileReference; fileEncoding = 4; lastKnownFileType = sourcecode.c.objc; path = SSDragStatusView.m; sourceTree = "<group>"; };
		1E98420F1716921900692C86 /* SSStatusBarController.h */ = {isa = PBXFileReference; fileEncoding = 4; lastKnownFileType = sourcecode.c.h; path = SSStatusBarController.h; sourceTree = "<group>"; };
		1E9842101716921900692C86 /* SSStatusBarController.m */ = {isa = PBXFileReference; fileEncoding = 4; lastKnownFileType = sourcecode.c.objc; path = SSStatusBarController.m; sourceTree = "<group>"; };
		1E9842131716924800692C86 /* SSStatusBarController.xib */ = {isa = PBXFileReference; fileEncoding = 4; lastKnownFileType = file.xib; path = SSStatusBarController.xib; sourceTree = "<group>"; };
		1E98422A171694ED00692C86 /* Heart@2x.png */ = {isa = PBXFileReference; lastKnownFileType = image.png; path = "Heart@2x.png"; sourceTree = "<group>"; };
		1E98422B171694ED00692C86 /* Heart.png */ = {isa = PBXFileReference; lastKnownFileType = image.png; path = Heart.png; sourceTree = "<group>"; };
		1E98422E171695CD00692C86 /* AudioToolbox.framework */ = {isa = PBXFileReference; lastKnownFileType = wrapper.framework; name = AudioToolbox.framework; path = Platforms/MacOSX.platform/Developer/SDKs/MacOSX10.8.sdk/System/Library/Frameworks/AudioToolbox.framework; sourceTree = DEVELOPER_DIR; };
		1E9842311716967800692C86 /* Cocoa.framework */ = {isa = PBXFileReference; lastKnownFileType = wrapper.framework; name = Cocoa.framework; path = Platforms/MacOSX.platform/Developer/SDKs/MacOSX10.8.sdk/System/Library/Frameworks/Cocoa.framework; sourceTree = DEVELOPER_DIR; };
		1E9842371716992300692C86 /* Foundation.framework */ = {isa = PBXFileReference; lastKnownFileType = wrapper.framework; name = Foundation.framework; path = Platforms/MacOSX.platform/Developer/SDKs/MacOSX10.8.sdk/System/Library/Frameworks/Foundation.framework; sourceTree = DEVELOPER_DIR; };
		1E98423917169D0F00692C86 /* AppKit.framework */ = {isa = PBXFileReference; lastKnownFileType = wrapper.framework; name = AppKit.framework; path = Platforms/MacOSX.platform/Developer/SDKs/MacOSX10.8.sdk/System/Library/Frameworks/AppKit.framework; sourceTree = DEVELOPER_DIR; };
		1E98423B17169D2000692C86 /* CoreData.framework */ = {isa = PBXFileReference; lastKnownFileType = wrapper.framework; name = CoreData.framework; path = Platforms/MacOSX.platform/Developer/SDKs/MacOSX10.8.sdk/System/Library/Frameworks/CoreData.framework; sourceTree = DEVELOPER_DIR; };
		5B5054C0946840A6AD4E1500 /* libPods.a */ = {isa = PBXFileReference; explicitFileType = archive.ar; includeInIndex = 0; path = libPods.a; sourceTree = BUILT_PRODUCTS_DIR; };
		9A0BD9E2EC104D5ABDE71E73 /* Pods-SharingSonicMac.xcconfig */ = {isa = PBXFileReference; includeInIndex = 1; lastKnownFileType = text.xcconfig; name = "Pods-SharingSonicMac.xcconfig"; path = "Pods/Pods-SharingSonicMac.xcconfig"; sourceTree = SOURCE_ROOT; };
		AA8814721717F68E00FCAD92 /* SSActiveLocationViewController.h */ = {isa = PBXFileReference; fileEncoding = 4; lastKnownFileType = sourcecode.c.h; path = SSActiveLocationViewController.h; sourceTree = "<group>"; };
		AA8814731717F68E00FCAD92 /* SSActiveLocationViewController.m */ = {isa = PBXFileReference; fileEncoding = 4; lastKnownFileType = sourcecode.c.objc; path = SSActiveLocationViewController.m; sourceTree = "<group>"; };
		AA8814751717FDEB00FCAD92 /* MapKit.framework */ = {isa = PBXFileReference; lastKnownFileType = wrapper.framework; name = MapKit.framework; path = System/Library/Frameworks/MapKit.framework; sourceTree = SDKROOT; };
		AA88147717186A4800FCAD92 /* SSActiveLocationAnnotation.h */ = {isa = PBXFileReference; fileEncoding = 4; lastKnownFileType = sourcecode.c.h; path = SSActiveLocationAnnotation.h; sourceTree = "<group>"; };
		AA88147817186A4800FCAD92 /* SSActiveLocationAnnotation.m */ = {isa = PBXFileReference; fileEncoding = 4; lastKnownFileType = sourcecode.c.objc; path = SSActiveLocationAnnotation.m; sourceTree = "<group>"; };
		AA88147A17193F7000FCAD92 /* CoreLocation.framework */ = {isa = PBXFileReference; lastKnownFileType = wrapper.framework; name = CoreLocation.framework; path = System/Library/Frameworks/CoreLocation.framework; sourceTree = SDKROOT; };
		ECE4F4F83D234CD8B0DBB9A6 /* Pods.xcconfig */ = {isa = PBXFileReference; includeInIndex = 1; lastKnownFileType = text.xcconfig; name = Pods.xcconfig; path = Pods/Pods.xcconfig; sourceTree = SOURCE_ROOT; };
		F32BFD0D675C4F4BBE982FC0 /* libPods-SharingSonicMac.a */ = {isa = PBXFileReference; explicitFileType = archive.ar; includeInIndex = 0; name = "libPods-SharingSonicMac.a"; path = "../Debug/libPods-SharingSonicMac.a"; sourceTree = BUILT_PRODUCTS_DIR; };
/* End PBXFileReference section */

/* Begin PBXFrameworksBuildPhase section */
		1E9840E2171409F900692C86 /* Frameworks */ = {
			isa = PBXFrameworksBuildPhase;
			buildActionMask = 2147483647;
			files = (
				AA88147B17193F7000FCAD92 /* CoreLocation.framework in Frameworks */,
				AA8814761717FDEB00FCAD92 /* MapKit.framework in Frameworks */,
				1E98420A17168CEE00692C86 /* AudioToolbox.framework in Frameworks */,
				1E98420817168CE100692C86 /* MobileCoreServices.framework in Frameworks */,
				1E98420617168CD700692C86 /* QuartzCore.framework in Frameworks */,
				1E9840E9171409F900692C86 /* UIKit.framework in Frameworks */,
				1E9840EB171409F900692C86 /* Foundation.framework in Frameworks */,
				1E9840ED171409F900692C86 /* CoreGraphics.framework in Frameworks */,
				B70AA35FD62F4960BE2D9D6C /* libPods.a in Frameworks */,
			);
			runOnlyForDeploymentPostprocessing = 0;
		};
		1E98410617140A2C00692C86 /* Frameworks */ = {
			isa = PBXFrameworksBuildPhase;
			buildActionMask = 2147483647;
			files = (
				1E9842321716967900692C86 /* Cocoa.framework in Frameworks */,
				1E98422F171695CE00692C86 /* AudioToolbox.framework in Frameworks */,
				C4C879513BAE4D4593D028E2 /* libPods-SharingSonicMac.a in Frameworks */,
			);
			runOnlyForDeploymentPostprocessing = 0;
		};
/* End PBXFrameworksBuildPhase section */

/* Begin PBXGroup section */
		1E9840DC171409F900692C86 = {
			isa = PBXGroup;
			children = (
				1E9840EE171409FA00692C86 /* SharingSonic */,
				1E98411017140A2C00692C86 /* SharingSonicMac */,
				1E9840E7171409F900692C86 /* Frameworks */,
				1E9840E6171409F900692C86 /* Products */,
				9A0BD9E2EC104D5ABDE71E73 /* Pods-SharingSonicMac.xcconfig */,
				ECE4F4F83D234CD8B0DBB9A6 /* Pods.xcconfig */,
			);
			sourceTree = "<group>";
		};
		1E9840E6171409F900692C86 /* Products */ = {
			isa = PBXGroup;
			children = (
				1E9840E5171409F900692C86 /* SharingSonic.app */,
				1E98410917140A2C00692C86 /* SharingSonicMac.app */,
			);
			name = Products;
			sourceTree = "<group>";
		};
		1E9840E7171409F900692C86 /* Frameworks */ = {
			isa = PBXGroup;
			children = (
				AA88147A17193F7000FCAD92 /* CoreLocation.framework */,
				AA8814751717FDEB00FCAD92 /* MapKit.framework */,
				1E9842311716967800692C86 /* Cocoa.framework */,
				1E98422E171695CD00692C86 /* AudioToolbox.framework */,
				1E98420917168CEE00692C86 /* AudioToolbox.framework */,
				1E98420717168CE100692C86 /* MobileCoreServices.framework */,
				1E98420517168CD700692C86 /* QuartzCore.framework */,
				1E9840E8171409F900692C86 /* UIKit.framework */,
				1E9840EA171409F900692C86 /* Foundation.framework */,
				1E9840EC171409F900692C86 /* CoreGraphics.framework */,
				1E98410C17140A2C00692C86 /* Other Frameworks */,
				5B5054C0946840A6AD4E1500 /* libPods.a */,
				F32BFD0D675C4F4BBE982FC0 /* libPods-SharingSonicMac.a */,
			);
			name = Frameworks;
			sourceTree = "<group>";
		};
		1E9840EE171409FA00692C86 /* SharingSonic */ = {
			isa = PBXGroup;
			children = (
				1E9841461715B7C400692C86 /* Model */,
				1E9841521715BB6200692C86 /* View */,
				1E98417217168ADC00692C86 /* View Controller */,
				1E98419317168B2F00692C86 /* Sample Output */,
				1E98419717168B4100692C86 /* Sample Input */,
				1E98419E17168B5100692C86 /* FrequencyAnalyzer */,
				1E9840EF171409FA00692C86 /* Supporting Files */,
			);
			path = SharingSonic;
			sourceTree = "<group>";
		};
		1E9840EF171409FA00692C86 /* Supporting Files */ = {
			isa = PBXGroup;
			children = (
				1E9841A217168B9200692C86 /* OpenUDID */,
				1E9841A917168BA900692C86 /* DTFoundation */,
				1E9841F717168C4A00692C86 /* SVProgressHUD */,
				1E9841E717168BED00692C86 /* Resources */,
				1E9841F817168C6F00692C86 /* NSString+SSPaths.h */,
				1E9841F917168C6F00692C86 /* NSString+SSPaths.m */,
				1E9841FA17168C6F00692C86 /* MainStoryboard_iPhone.storyboard */,
				1E9841FD17168C8700692C86 /* BasicParameters.h */,
				1E9841FE17168C8700692C86 /* NoteDictionary.h */,
				1E9841FF17168C8700692C86 /* NoteDictionary.m */,
				1E98420017168C8700692C86 /* MD5.h */,
				1E98420117168C8700692C86 /* MD5.m */,
				1E98420217168C8700692C86 /* DataType.h */,
				1E9840F7171409FA00692C86 /* SSAppDelegate.h */,
				1E9840F8171409FA00692C86 /* SSAppDelegate.m */,
				1E9840F0171409FA00692C86 /* SharingSonic-Info.plist */,
				1E9840F1171409FA00692C86 /* InfoPlist.strings */,
				1E9840F4171409FA00692C86 /* main.m */,
				1E9840F6171409FA00692C86 /* SharingSonic-Prefix.pch */,
			);
			name = "Supporting Files";
			sourceTree = "<group>";
		};
		1E98410C17140A2C00692C86 /* Other Frameworks */ = {
			isa = PBXGroup;
			children = (
				1E98423917169D0F00692C86 /* AppKit.framework */,
				1E9842371716992300692C86 /* Foundation.framework */,
				1E98423B17169D2000692C86 /* CoreData.framework */,
			);
			name = "Other Frameworks";
			sourceTree = "<group>";
		};
		1E98411017140A2C00692C86 /* SharingSonicMac */ = {
			isa = PBXGroup;
			children = (
				1E9842121716922200692C86 /* Controller */,
				1E98420E1716920E00692C86 /* View */,
				1E98411117140A2C00692C86 /* Supporting Files */,
			);
			path = SharingSonicMac;
			sourceTree = "<group>";
		};
		1E98411117140A2C00692C86 /* Supporting Files */ = {
			isa = PBXGroup;
			children = (
				1E98411C17140A2C00692C86 /* SSAppDelegate.h */,
				1E98411D17140A2C00692C86 /* SSAppDelegate.m */,
				1E98411F17140A2C00692C86 /* MainMenu.xib */,
				1E9842131716924800692C86 /* SSStatusBarController.xib */,
				1E98422A171694ED00692C86 /* Heart@2x.png */,
				1E98422B171694ED00692C86 /* Heart.png */,
				1E98411217140A2C00692C86 /* SharingSonicMac-Info.plist */,
				1E98411317140A2C00692C86 /* InfoPlist.strings */,
				1E98411617140A2C00692C86 /* main.m */,
				1E98411817140A2C00692C86 /* SharingSonicMac-Prefix.pch */,
				1E98411917140A2C00692C86 /* Credits.rtf */,
			);
			name = "Supporting Files";
			sourceTree = "<group>";
		};
		1E9841341715B78A00692C86 /* Bonjour */ = {
			isa = PBXGroup;
			children = (
				1E9841271715B76600692C86 /* SSBonjour.h */,
				1E9841281715B76600692C86 /* SSBonjour.m */,
				1E9841291715B76600692C86 /* SSBonjourData.h */,
				1E98412A1715B76600692C86 /* SSBonjourData.m */,
				1E98412B1715B76600692C86 /* SSBonjourClient.h */,
				1E98412C1715B76600692C86 /* SSBonjourClient.m */,
				1E98412D1715B76600692C86 /* SSBonjourServer.h */,
				1E98412E1715B76600692C86 /* SSBonjourServer.m */,
			);
			name = Bonjour;
			sourceTree = "<group>";
		};
		1E98413C1715B7A100692C86 /* Network */ = {
			isa = PBXGroup;
			children = (
				1E9841251715B76600692C86 /* PushNotificationSettings.h */,
				1E9841261715B76600692C86 /* PushNotificationSettings.m */,
				1E9841351715B79A00692C86 /* AFSharingSonicClient.h */,
				1E9841361715B79A00692C86 /* AFSharingSonicClient.m */,
				1E9841371715B79A00692C86 /* ServerBaseURL.h */,
				1E9841381715B79A00692C86 /* NetworkHelper.h */,
				1E9841391715B79A00692C86 /* NetworkHelper.m */,
				1E9841341715B78A00692C86 /* Bonjour */,
			);
			name = Network;
			sourceTree = "<group>";
		};
		1E9841461715B7C400692C86 /* Model */ = {
			isa = PBXGroup;
			children = (
				1E98413D1715B7AD00692C86 /* SSFile.h */,
				1E98413E1715B7AD00692C86 /* SSFile.m */,
				1E9842151716927D00692C86 /* Sound */,
				1E98413C1715B7A100692C86 /* Network */,
				AA88147717186A4800FCAD92 /* SSActiveLocationAnnotation.h */,
				AA88147817186A4800FCAD92 /* SSActiveLocationAnnotation.m */,
			);
			name = Model;
			sourceTree = "<group>";
		};
		1E98414D1715B7EF00692C86 /* FXImageView */ = {
			isa = PBXGroup;
			children = (
				1E9841471715B7E500692C86 /* FXImageView.h */,
				1E9841481715B7E500692C86 /* FXImageView.m */,
				1E9841491715B7E500692C86 /* UIImage+FX.h */,
				1E98414A1715B7E500692C86 /* UIImage+FX.m */,
			);
			name = FXImageView;
			sourceTree = "<group>";
		};
		1E9841511715BB4F00692C86 /* ReflectionView */ = {
			isa = PBXGroup;
			children = (
				1E98414E1715BB4A00692C86 /* ReflectionView.h */,
				1E98414F1715BB4A00692C86 /* ReflectionView.m */,
			);
			name = ReflectionView;
			sourceTree = "<group>";
		};
		1E9841521715BB6200692C86 /* View */ = {
			isa = PBXGroup;
			children = (
				1E9841531715BB6E00692C86 /* UIButtonWithLargerTapArea.h */,
				1E9841541715BB6E00692C86 /* UIButtonWithLargerTapArea.m */,
				1E9841551715BB6E00692C86 /* WaveView.h */,
				1E9841561715BB6E00692C86 /* WaveView.m */,
				1E9841571715BB6E00692C86 /* PreviewCVC.h */,
				1E9841581715BB6E00692C86 /* PreviewCVC.m */,
				1E9841591715BB6E00692C86 /* CustomView.xib */,
				1E9841511715BB4F00692C86 /* ReflectionView */,
				1E98414D1715B7EF00692C86 /* FXImageView */,
			);
			name = View;
			sourceTree = "<group>";
		};
		1E9841641715BB8400692C86 /* ECSlidingViewController */ = {
			isa = PBXGroup;
			children = (
				1E98415E1715BB8100692C86 /* ECSlidingViewController.h */,
				1E98415F1715BB8100692C86 /* ECSlidingViewController.m */,
				1E9841601715BB8100692C86 /* UIImage+ImageWithUIView.h */,
				1E9841611715BB8100692C86 /* UIImage+ImageWithUIView.m */,
			);
			name = ECSlidingViewController;
			sourceTree = "<group>";
		};
		1E98417117168ACB00692C86 /* CustomizeTableView */ = {
			isa = PBXGroup;
			children = (
				1E98416517168AC200692C86 /* SonicTableViewCell.h */,
				1E98416617168AC200692C86 /* SonicTableViewCell.m */,
				1E98416717168AC200692C86 /* SonicHeaderTableViewCell.h */,
				1E98416817168AC200692C86 /* SonicHeaderTableViewCell.m */,
				1E98416917168AC200692C86 /* SonicTableView.h */,
				1E98416A17168AC200692C86 /* SonicTableView.m */,
				1E98416B17168AC200692C86 /* NSSonicData.h */,
				1E98416C17168AC200692C86 /* NSSonicData.m */,
			);
			name = CustomizeTableView;
			sourceTree = "<group>";
		};
		1E98417217168ADC00692C86 /* View Controller */ = {
			isa = PBXGroup;
			children = (
				1E98417317168AEE00692C86 /* MainViewController.h */,
				1E98417417168AEF00692C86 /* MainViewController.m */,
				1E98417517168AEF00692C86 /* TestPushViewController.h */,
				1E98417617168AEF00692C86 /* TestPushViewController.m */,
				AA8814721717F68E00FCAD92 /* SSActiveLocationViewController.h */,
				AA8814731717F68E00FCAD92 /* SSActiveLocationViewController.m */,
				1E98417917168AF800692C86 /* InitialSlidingViewController.h */,
				1E98417A17168AF800692C86 /* InitialSlidingViewController.m */,
				1E98417B17168AF800692C86 /* SidebarViewController.h */,
				1E98417C17168AF800692C86 /* SidebarViewController.m */,
				1E98417D17168AF800692C86 /* TextMessageViewController.h */,
				1E98417E17168AF800692C86 /* TextMessageViewController.m */,
				1E98417F17168AF800692C86 /* ImageViewController.h */,
				1E98418017168AF800692C86 /* ImageViewController.m */,
				1E98418117168AF800692C86 /* SSImageViewController.h */,
				1E98418217168AF800692C86 /* SSImageViewController.m */,
				1E98417117168ACB00692C86 /* CustomizeTableView */,
				1E9841641715BB8400692C86 /* ECSlidingViewController */,
			);
			name = "View Controller";
			sourceTree = "<group>";
		};
		1E98418C17168B1A00692C86 /* Wave Generator */ = {
			isa = PBXGroup;
			children = (
				1E98418817168B1400692C86 /* ANSineWaveGenerator.h */,
				1E98418917168B1400692C86 /* ANSineWaveGenerator.m */,
				1E98418A17168B1400692C86 /* ANWaveGenerator.h */,
			);
			name = "Wave Generator";
			sourceTree = "<group>";
		};
		1E98419317168B2F00692C86 /* Sample Output */ = {
			isa = PBXGroup;
			children = (
				1E98418D17168B2800692C86 /* ANSampleBuffer.h */,
				1E98418E17168B2800692C86 /* ANSampleBuffer.m */,
				1E98418F17168B2800692C86 /* ANSampleOutput.h */,
				1E98419017168B2800692C86 /* ANSampleOutput.mm */,
				1E98418C17168B1A00692C86 /* Wave Generator */,
			);
			name = "Sample Output";
			sourceTree = "<group>";
		};
		1E98419717168B4100692C86 /* Sample Input */ = {
			isa = PBXGroup;
			children = (
				1E98419417168B3E00692C86 /* ANSampleInput.h */,
				1E98419517168B3E00692C86 /* ANSampleInput.m */,
			);
			name = "Sample Input";
			sourceTree = "<group>";
		};
		1E98419E17168B5100692C86 /* FrequencyAnalyzer */ = {
			isa = PBXGroup;
			children = (
				1E98419817168B4E00692C86 /* FrequencyAnalyzer.h */,
				1E98419917168B4E00692C86 /* FrequencyAnalyzer.m */,
				1E98419A17168B4E00692C86 /* libfft.c */,
				1E98419B17168B4E00692C86 /* libfft.h */,
			);
			name = FrequencyAnalyzer;
			sourceTree = "<group>";
		};
		1E9841A217168B9200692C86 /* OpenUDID */ = {
			isa = PBXGroup;
			children = (
				1E98419F17168B9000692C86 /* OpenUDID.h */,
				1E9841A017168B9000692C86 /* OpenUDID.m */,
			);
			name = OpenUDID;
			sourceTree = "<group>";
		};
		1E9841A917168BA900692C86 /* DTFoundation */ = {
			isa = PBXGroup;
			children = (
				1E9841A317168BA600692C86 /* NSString+DTUTI.h */,
				1E9841A417168BA600692C86 /* NSString+DTUTI.m */,
				1E9841A517168BA600692C86 /* NSString+DTPaths.h */,
				1E9841A617168BA600692C86 /* NSString+DTPaths.m */,
			);
			name = DTFoundation;
			sourceTree = "<group>";
		};
		1E9841CC17168BCC00692C86 /* Sidebar */ = {
			isa = PBXGroup;
			children = (
				1E9841AA17168BC600692C86 /* Camera.png */,
				1E9841AB17168BC600692C86 /* Camera@2x.png */,
				1E9841AC17168BC600692C86 /* Cross.png */,
				1E9841AD17168BC600692C86 /* Cross@2x.png */,
				1E9841AE17168BC600692C86 /* Music.png */,
				1E9841AF17168BC600692C86 /* Music@2x.png */,
				1E9841B017168BC600692C86 /* Pencil.png */,
				1E9841B117168BC600692C86 /* Pencil@2x.png */,
				1E9841B217168BC600692C86 /* Photo.png */,
				1E9841B317168BC600692C86 /* Photo@2x.png */,
				1E9841B417168BC600692C86 /* Setting.png */,
				1E9841B517168BC600692C86 /* Setting@2x.png */,
				1E9841B617168BC600692C86 /* Tick.png */,
				1E9841B717168BC600692C86 /* Tick@2x.png */,
				1E9841B817168BC600692C86 /* User.png */,
				1E9841B917168BC600692C86 /* User@2x.png */,
				1E9841BA17168BC600692C86 /* SidebarBackground.png */,
			);
			name = Sidebar;
			sourceTree = "<group>";
		};
		1E9841E717168BED00692C86 /* Resources */ = {
			isa = PBXGroup;
			children = (
				1E9841CD17168BD900692C86 /* placeholder.png */,
				1E9841CE17168BD900692C86 /* add@2x.png */,
				1E9841CF17168BD900692C86 /* add.png */,
				1E9841D017168BD900692C86 /* sound-wave.png */,
				1E9841D117168BD900692C86 /* sound-wave@2x.png */,
				1E9841D217168BD900692C86 /* underline2.png */,
				1E9841D317168BD900692C86 /* underline2@2x.png */,
				1E9841D417168BD900692C86 /* underline.png */,
				1E9841D517168BD900692C86 /* underline1.png */,
				1E9841D617168BD900692C86 /* underline1@2x.png */,
				1E9841D717168BD900692C86 /* underline@2x.png */,
				1E9841D817168BD900692C86 /* bubble@2x.png */,
				1E9841D917168BD900692C86 /* bubble.png */,
				1E9841CC17168BCC00692C86 /* Sidebar */,
				1E9841E817168C2800692C86 /* Metro-Listen@2x.png */,
				1E9841E917168C2800692C86 /* Metro-Listen.png */,
				1E9841EA17168C2800692C86 /* NoImage.png */,
				1E9841EB17168C2800692C86 /* Metro-Sound@2x.png */,
				1E9841EC17168C2800692C86 /* Metro-Sound.png */,
				1E9840FA171409FA00692C86 /* Default.png */,
				1E9840FC171409FA00692C86 /* Default@2x.png */,
				1E9840FE171409FA00692C86 /* Default-568h@2x.png */,
			);
			name = Resources;
			sourceTree = "<group>";
		};
		1E9841F717168C4A00692C86 /* SVProgressHUD */ = {
			isa = PBXGroup;
			children = (
				1E9841F217168C4700692C86 /* SVProgressHUD.bundle */,
				1E9841F317168C4700692C86 /* SVProgressHUD.h */,
				1E9841F417168C4700692C86 /* SVProgressHUD.m */,
			);
			name = SVProgressHUD;
			sourceTree = "<group>";
		};
		1E98420E1716920E00692C86 /* View */ = {
			isa = PBXGroup;
			children = (
				1E98420B1716920A00692C86 /* SSDragStatusView.h */,
				1E98420C1716920A00692C86 /* SSDragStatusView.m */,
			);
			name = View;
			sourceTree = "<group>";
		};
		1E9842121716922200692C86 /* Controller */ = {
			isa = PBXGroup;
			children = (
				1E98420F1716921900692C86 /* SSStatusBarController.h */,
				1E9842101716921900692C86 /* SSStatusBarController.m */,
			);
			name = Controller;
			sourceTree = "<group>";
		};
		1E9842151716927D00692C86 /* Sound */ = {
			isa = PBXGroup;
			children = (
				1E9841401715B7B600692C86 /* SoundGenerator.h */,
				1E9841411715B7B600692C86 /* SoundGenerator.m */,
				1E9841421715B7B600692C86 /* SoundReceiver.h */,
				1E9841431715B7B600692C86 /* SoundReceiver.m */,
			);
			name = Sound;
			sourceTree = "<group>";
		};
/* End PBXGroup section */

/* Begin PBXNativeTarget section */
		1E9840E4171409F900692C86 /* SharingSonic */ = {
			isa = PBXNativeTarget;
			buildConfigurationList = 1E984102171409FA00692C86 /* Build configuration list for PBXNativeTarget "SharingSonic" */;
			buildPhases = (
				9D87ADA6024F4868940A9F34 /* Check Pods Manifest.lock */,
				C56EBD2B18264B4E96D9E7EB /* Check Pods Manifest.lock */,
				1E9840E1171409F900692C86 /* Sources */,
				1E9840E2171409F900692C86 /* Frameworks */,
				1E9840E3171409F900692C86 /* Resources */,
				D4A6D92B7EA64A7C854149EC /* Copy Pods Resources */,
				8E6FE022D3C444578D7A0BFB /* Copy Pods Resources */,
			);
			buildRules = (
			);
			dependencies = (
			);
			name = SharingSonic;
			productName = SharingSonic;
			productReference = 1E9840E5171409F900692C86 /* SharingSonic.app */;
			productType = "com.apple.product-type.application";
		};
		1E98410817140A2C00692C86 /* SharingSonicMac */ = {
			isa = PBXNativeTarget;
			buildConfigurationList = 1E98412217140A2C00692C86 /* Build configuration list for PBXNativeTarget "SharingSonicMac" */;
			buildPhases = (
				CFD87043BFB14199AD2B6120 /* Check Pods Manifest.lock */,
				1E98410517140A2C00692C86 /* Sources */,
				1E98410617140A2C00692C86 /* Frameworks */,
				1E98410717140A2C00692C86 /* Resources */,
				4707EDA1ABB34ADFB2E7E96E /* Copy Pods Resources */,
			);
			buildRules = (
			);
			dependencies = (
			);
			name = SharingSonicMac;
			productName = SharingSonicMac;
			productReference = 1E98410917140A2C00692C86 /* SharingSonicMac.app */;
			productType = "com.apple.product-type.application";
		};
/* End PBXNativeTarget section */

/* Begin PBXProject section */
		1E9840DD171409F900692C86 /* Project object */ = {
			isa = PBXProject;
			attributes = {
				CLASSPREFIX = SS;
				LastUpgradeCheck = 0460;
				ORGANIZATIONNAME = "Nerv Dev";
			};
			buildConfigurationList = 1E9840E0171409F900692C86 /* Build configuration list for PBXProject "SharingSonic" */;
			compatibilityVersion = "Xcode 3.2";
			developmentRegion = English;
			hasScannedForEncodings = 0;
			knownRegions = (
				en,
			);
			mainGroup = 1E9840DC171409F900692C86;
			productRefGroup = 1E9840E6171409F900692C86 /* Products */;
			projectDirPath = "";
			projectRoot = "";
			targets = (
				1E9840E4171409F900692C86 /* SharingSonic */,
				1E98410817140A2C00692C86 /* SharingSonicMac */,
			);
		};
/* End PBXProject section */

/* Begin PBXResourcesBuildPhase section */
		1E9840E3171409F900692C86 /* Resources */ = {
			isa = PBXResourcesBuildPhase;
			buildActionMask = 2147483647;
			files = (
				1E9840F3171409FA00692C86 /* InfoPlist.strings in Resources */,
				1E9840FB171409FA00692C86 /* Default.png in Resources */,
				1E9840FD171409FA00692C86 /* Default@2x.png in Resources */,
				1E9840FF171409FA00692C86 /* Default-568h@2x.png in Resources */,
				1E98415D1715BB6E00692C86 /* CustomView.xib in Resources */,
				1E9841BB17168BC600692C86 /* Camera.png in Resources */,
				1E9841BC17168BC600692C86 /* Camera@2x.png in Resources */,
				1E9841BD17168BC600692C86 /* Cross.png in Resources */,
				1E9841BE17168BC600692C86 /* Cross@2x.png in Resources */,
				1E9841BF17168BC600692C86 /* Music.png in Resources */,
				1E9841C017168BC600692C86 /* Music@2x.png in Resources */,
				1E9841C117168BC600692C86 /* Pencil.png in Resources */,
				1E9841C217168BC600692C86 /* Pencil@2x.png in Resources */,
				1E9841C317168BC600692C86 /* Photo.png in Resources */,
				1E9841C417168BC600692C86 /* Photo@2x.png in Resources */,
				1E9841C517168BC600692C86 /* Setting.png in Resources */,
				1E9841C617168BC600692C86 /* Setting@2x.png in Resources */,
				1E9841C717168BC600692C86 /* Tick.png in Resources */,
				1E9841C817168BC600692C86 /* Tick@2x.png in Resources */,
				1E9841C917168BC600692C86 /* User.png in Resources */,
				1E9841CA17168BC600692C86 /* User@2x.png in Resources */,
				1E9841CB17168BC600692C86 /* SidebarBackground.png in Resources */,
				1E9841DA17168BD900692C86 /* placeholder.png in Resources */,
				1E9841DB17168BD900692C86 /* add@2x.png in Resources */,
				1E9841DC17168BD900692C86 /* add.png in Resources */,
				1E9841DD17168BD900692C86 /* sound-wave.png in Resources */,
				1E9841DE17168BD900692C86 /* sound-wave@2x.png in Resources */,
				1E9841DF17168BD900692C86 /* underline2.png in Resources */,
				1E9841E017168BD900692C86 /* underline2@2x.png in Resources */,
				1E9841E117168BD900692C86 /* underline.png in Resources */,
				1E9841E217168BD900692C86 /* underline1.png in Resources */,
				1E9841E317168BD900692C86 /* underline1@2x.png in Resources */,
				1E9841E417168BD900692C86 /* underline@2x.png in Resources */,
				1E9841E517168BD900692C86 /* bubble@2x.png in Resources */,
				1E9841E617168BD900692C86 /* bubble.png in Resources */,
				1E9841ED17168C2800692C86 /* Metro-Listen@2x.png in Resources */,
				1E9841EE17168C2800692C86 /* Metro-Listen.png in Resources */,
				1E9841EF17168C2800692C86 /* NoImage.png in Resources */,
				1E9841F017168C2800692C86 /* Metro-Sound@2x.png in Resources */,
				1E9841F117168C2800692C86 /* Metro-Sound.png in Resources */,
				1E9841F517168C4700692C86 /* SVProgressHUD.bundle in Resources */,
				1E9841FC17168C6F00692C86 /* MainStoryboard_iPhone.storyboard in Resources */,
			);
			runOnlyForDeploymentPostprocessing = 0;
		};
		1E98410717140A2C00692C86 /* Resources */ = {
			isa = PBXResourcesBuildPhase;
			buildActionMask = 2147483647;
			files = (
				1E98411517140A2C00692C86 /* InfoPlist.strings in Resources */,
				1E98411B17140A2C00692C86 /* Credits.rtf in Resources */,
				1E98412117140A2C00692C86 /* MainMenu.xib in Resources */,
				1E9842141716924800692C86 /* SSStatusBarController.xib in Resources */,
				1E98422C171694ED00692C86 /* Heart@2x.png in Resources */,
				1E98422D171694ED00692C86 /* Heart.png in Resources */,
			);
			runOnlyForDeploymentPostprocessing = 0;
		};
/* End PBXResourcesBuildPhase section */

/* Begin PBXShellScriptBuildPhase section */
		4707EDA1ABB34ADFB2E7E96E /* Copy Pods Resources */ = {
			isa = PBXShellScriptBuildPhase;
			buildActionMask = 2147483647;
			files = (
			);
			inputPaths = (
			);
			name = "Copy Pods Resources";
			outputPaths = (
			);
			runOnlyForDeploymentPostprocessing = 0;
			shellPath = /bin/sh;
			shellScript = "\"${SRCROOT}/Pods/Pods-SharingSonicMac-resources.sh\"\n";
		};
		8E6FE022D3C444578D7A0BFB /* Copy Pods Resources */ = {
			isa = PBXShellScriptBuildPhase;
			buildActionMask = 2147483647;
			files = (
			);
			inputPaths = (
			);
			name = "Copy Pods Resources";
			outputPaths = (
			);
			runOnlyForDeploymentPostprocessing = 0;
			shellPath = /bin/sh;
			shellScript = "\"${SRCROOT}/Pods/Pods-resources.sh\"\n";
		};
		9D87ADA6024F4868940A9F34 /* Check Pods Manifest.lock */ = {
			isa = PBXShellScriptBuildPhase;
			buildActionMask = 2147483647;
			files = (
			);
			inputPaths = (
			);
			name = "Check Pods Manifest.lock";
			outputPaths = (
			);
			runOnlyForDeploymentPostprocessing = 0;
			shellPath = /bin/sh;
			shellScript = "diff \"${PODS_ROOT}/../Podfile.lock\" \"${PODS_ROOT}/Manifest.lock\" > /dev/null\nif [[ $? != 0 ]] ; then\n    cat << EOM\nerror: The sanbox is not in sync with the Podfile.lock. Run 'pod install'.\nEOM\n    exit 1\nfi\n";
		};
		C56EBD2B18264B4E96D9E7EB /* Check Pods Manifest.lock */ = {
			isa = PBXShellScriptBuildPhase;
			buildActionMask = 2147483647;
			files = (
			);
			inputPaths = (
			);
			name = "Check Pods Manifest.lock";
			outputPaths = (
			);
			runOnlyForDeploymentPostprocessing = 0;
			shellPath = /bin/sh;
			shellScript = "diff \"${PODS_ROOT}/../Podfile.lock\" \"${PODS_ROOT}/Manifest.lock\" > /dev/null\nif [[ $? != 0 ]] ; then\n    cat << EOM\nerror: The sanbox is not in sync with the Podfile.lock. Run 'pod install'.\nEOM\n    exit 1\nfi\n";
		};
		CFD87043BFB14199AD2B6120 /* Check Pods Manifest.lock */ = {
			isa = PBXShellScriptBuildPhase;
			buildActionMask = 2147483647;
			files = (
			);
			inputPaths = (
			);
			name = "Check Pods Manifest.lock";
			outputPaths = (
			);
			runOnlyForDeploymentPostprocessing = 0;
			shellPath = /bin/sh;
			shellScript = "diff \"${PODS_ROOT}/../Podfile.lock\" \"${PODS_ROOT}/Manifest.lock\" > /dev/null\nif [[ $? != 0 ]] ; then\n    cat << EOM\nerror: The sanbox is not in sync with the Podfile.lock. Run 'pod install'.\nEOM\n    exit 1\nfi\n";
		};
		D4A6D92B7EA64A7C854149EC /* Copy Pods Resources */ = {
			isa = PBXShellScriptBuildPhase;
			buildActionMask = 2147483647;
			files = (
			);
			inputPaths = (
			);
			name = "Copy Pods Resources";
			outputPaths = (
			);
			runOnlyForDeploymentPostprocessing = 0;
			shellPath = /bin/sh;
			shellScript = "\"${SRCROOT}/Pods/Pods-SharingSonic-resources.sh\"\n";
		};
/* End PBXShellScriptBuildPhase section */

/* Begin PBXSourcesBuildPhase section */
		1E9840E1171409F900692C86 /* Sources */ = {
			isa = PBXSourcesBuildPhase;
			buildActionMask = 2147483647;
			files = (
				1E9840F5171409FA00692C86 /* main.m in Sources */,
				1E9840F9171409FA00692C86 /* SSAppDelegate.m in Sources */,
				1E98412F1715B76600692C86 /* PushNotificationSettings.m in Sources */,
				1E9841301715B76600692C86 /* SSBonjour.m in Sources */,
				1E9841311715B76600692C86 /* SSBonjourData.m in Sources */,
				1E9841321715B76600692C86 /* SSBonjourClient.m in Sources */,
				1E9841331715B76600692C86 /* SSBonjourServer.m in Sources */,
				1E98413A1715B79A00692C86 /* AFSharingSonicClient.m in Sources */,
				1E98413B1715B79A00692C86 /* NetworkHelper.m in Sources */,
				1E98413F1715B7AD00692C86 /* SSFile.m in Sources */,
				1E9841441715B7B600692C86 /* SoundGenerator.m in Sources */,
				1E9841451715B7B600692C86 /* SoundReceiver.m in Sources */,
				1E98414B1715B7E500692C86 /* FXImageView.m in Sources */,
				1E98414C1715B7E500692C86 /* UIImage+FX.m in Sources */,
				1E9841501715BB4A00692C86 /* ReflectionView.m in Sources */,
				1E98415A1715BB6E00692C86 /* UIButtonWithLargerTapArea.m in Sources */,
				1E98415B1715BB6E00692C86 /* WaveView.m in Sources */,
				1E98415C1715BB6E00692C86 /* PreviewCVC.m in Sources */,
				1E9841621715BB8100692C86 /* ECSlidingViewController.m in Sources */,
				1E9841631715BB8100692C86 /* UIImage+ImageWithUIView.m in Sources */,
				1E98416D17168AC200692C86 /* SonicTableViewCell.m in Sources */,
				1E98416E17168AC200692C86 /* SonicHeaderTableViewCell.m in Sources */,
				1E98416F17168AC200692C86 /* SonicTableView.m in Sources */,
				1E98417017168AC200692C86 /* NSSonicData.m in Sources */,
				1E98417717168AEF00692C86 /* MainViewController.m in Sources */,
				1E98417817168AEF00692C86 /* TestPushViewController.m in Sources */,
				1E98418317168AF800692C86 /* InitialSlidingViewController.m in Sources */,
				1E98418417168AF800692C86 /* SidebarViewController.m in Sources */,
				1E98418517168AF800692C86 /* TextMessageViewController.m in Sources */,
				1E98418617168AF800692C86 /* ImageViewController.m in Sources */,
				1E98418717168AF800692C86 /* SSImageViewController.m in Sources */,
				1E98418B17168B1400692C86 /* ANSineWaveGenerator.m in Sources */,
				1E98419117168B2800692C86 /* ANSampleBuffer.m in Sources */,
				1E98419217168B2800692C86 /* ANSampleOutput.mm in Sources */,
				1E98419617168B3E00692C86 /* ANSampleInput.m in Sources */,
				1E98419C17168B4E00692C86 /* FrequencyAnalyzer.m in Sources */,
				1E98419D17168B4E00692C86 /* libfft.c in Sources */,
				1E9841A117168B9000692C86 /* OpenUDID.m in Sources */,
				1E9841A717168BA600692C86 /* NSString+DTUTI.m in Sources */,
				1E9841A817168BA600692C86 /* NSString+DTPaths.m in Sources */,
				1E9841F617168C4700692C86 /* SVProgressHUD.m in Sources */,
				1E9841FB17168C6F00692C86 /* NSString+SSPaths.m in Sources */,
				1E98420317168C8700692C86 /* NoteDictionary.m in Sources */,
				1E98420417168C8700692C86 /* MD5.m in Sources */,
				AA8814741717F68E00FCAD92 /* SSActiveLocationViewController.m in Sources */,
				AA88147917186A4800FCAD92 /* SSActiveLocationAnnotation.m in Sources */,
			);
			runOnlyForDeploymentPostprocessing = 0;
		};
		1E98410517140A2C00692C86 /* Sources */ = {
			isa = PBXSourcesBuildPhase;
			buildActionMask = 2147483647;
			files = (
				1E98411717140A2C00692C86 /* main.m in Sources */,
				1E98411E17140A2C00692C86 /* SSAppDelegate.m in Sources */,
				1E98420D1716920A00692C86 /* SSDragStatusView.m in Sources */,
				1E9842111716921900692C86 /* SSStatusBarController.m in Sources */,
				1E9842161716929700692C86 /* SoundGenerator.m in Sources */,
				1E9842171716929A00692C86 /* SoundReceiver.m in Sources */,
				1E984218171692B900692C86 /* AFSharingSonicClient.m in Sources */,
				1E9842191716938100692C86 /* NetworkHelper.m in Sources */,
				1E98421A171693A100692C86 /* SSBonjour.m in Sources */,
				1E98421B171693A100692C86 /* SSBonjourData.m in Sources */,
				1E98421C171693A100692C86 /* SSBonjourClient.m in Sources */,
				1E98421D171693A100692C86 /* SSBonjourServer.m in Sources */,
				1E98421E171693BD00692C86 /* ANSampleBuffer.m in Sources */,
				1E98421F171693BD00692C86 /* ANSampleOutput.mm in Sources */,
				1E984220171693BD00692C86 /* ANSineWaveGenerator.m in Sources */,
				1E984221171693C700692C86 /* ANSampleInput.m in Sources */,
				1E984222171693EC00692C86 /* FrequencyAnalyzer.m in Sources */,
				1E984223171693EC00692C86 /* libfft.c in Sources */,
				1E9842241716943C00692C86 /* NSString+SSPaths.m in Sources */,
				1E9842251716943C00692C86 /* NoteDictionary.m in Sources */,
				1E9842261716943C00692C86 /* MD5.m in Sources */,
				1E9842271716944400692C86 /* SSFile.m in Sources */,
				1E9842281716945000692C86 /* NSString+DTUTI.m in Sources */,
				1E9842291716945000692C86 /* NSString+DTPaths.m in Sources */,
				1EADC3091716F92E0074E2A1 /* OpenUDID.m in Sources */,
			);
			runOnlyForDeploymentPostprocessing = 0;
		};
/* End PBXSourcesBuildPhase section */

/* Begin PBXVariantGroup section */
		1E9840F1171409FA00692C86 /* InfoPlist.strings */ = {
			isa = PBXVariantGroup;
			children = (
				1E9840F2171409FA00692C86 /* en */,
			);
			name = InfoPlist.strings;
			sourceTree = "<group>";
		};
		1E98411317140A2C00692C86 /* InfoPlist.strings */ = {
			isa = PBXVariantGroup;
			children = (
				1E98411417140A2C00692C86 /* en */,
			);
			name = InfoPlist.strings;
			sourceTree = "<group>";
		};
		1E98411917140A2C00692C86 /* Credits.rtf */ = {
			isa = PBXVariantGroup;
			children = (
				1E98411A17140A2C00692C86 /* en */,
			);
			name = Credits.rtf;
			sourceTree = "<group>";
		};
		1E98411F17140A2C00692C86 /* MainMenu.xib */ = {
			isa = PBXVariantGroup;
			children = (
				1E98412017140A2C00692C86 /* en */,
			);
			name = MainMenu.xib;
			sourceTree = "<group>";
		};
/* End PBXVariantGroup section */

/* Begin XCBuildConfiguration section */
		1E984100171409FA00692C86 /* Debug */ = {
			isa = XCBuildConfiguration;
			buildSettings = {
				ALWAYS_SEARCH_USER_PATHS = NO;
				CLANG_CXX_LANGUAGE_STANDARD = "gnu++0x";
				CLANG_CXX_LIBRARY = "libc++";
				CLANG_ENABLE_OBJC_ARC = YES;
				CLANG_WARN_CONSTANT_CONVERSION = YES;
				CLANG_WARN_EMPTY_BODY = YES;
				CLANG_WARN_ENUM_CONVERSION = YES;
				CLANG_WARN_INT_CONVERSION = YES;
				CLANG_WARN__DUPLICATE_METHOD_MATCH = YES;
				"CODE_SIGN_IDENTITY[sdk=iphoneos*]" = "iPhone Developer";
				COPY_PHASE_STRIP = NO;
				GCC_C_LANGUAGE_STANDARD = gnu99;
				GCC_DYNAMIC_NO_PIC = NO;
				GCC_OPTIMIZATION_LEVEL = 0;
				GCC_PREPROCESSOR_DEFINITIONS = (
					"DEBUG=1",
					"$(inherited)",
				);
				GCC_SYMBOLS_PRIVATE_EXTERN = NO;
				GCC_WARN_ABOUT_RETURN_TYPE = YES;
				GCC_WARN_UNINITIALIZED_AUTOS = YES;
				GCC_WARN_UNUSED_VARIABLE = YES;
				IPHONEOS_DEPLOYMENT_TARGET = 6.1;
				ONLY_ACTIVE_ARCH = YES;
				SDKROOT = iphoneos;
				TARGETED_DEVICE_FAMILY = "1,2";
			};
			name = Debug;
		};
		1E984101171409FA00692C86 /* Release */ = {
			isa = XCBuildConfiguration;
			buildSettings = {
				ALWAYS_SEARCH_USER_PATHS = NO;
				CLANG_CXX_LANGUAGE_STANDARD = "gnu++0x";
				CLANG_CXX_LIBRARY = "libc++";
				CLANG_ENABLE_OBJC_ARC = YES;
				CLANG_WARN_CONSTANT_CONVERSION = YES;
				CLANG_WARN_EMPTY_BODY = YES;
				CLANG_WARN_ENUM_CONVERSION = YES;
				CLANG_WARN_INT_CONVERSION = YES;
				CLANG_WARN__DUPLICATE_METHOD_MATCH = YES;
				"CODE_SIGN_IDENTITY[sdk=iphoneos*]" = "iPhone Developer";
				COPY_PHASE_STRIP = YES;
				GCC_C_LANGUAGE_STANDARD = gnu99;
				GCC_WARN_ABOUT_RETURN_TYPE = YES;
				GCC_WARN_UNINITIALIZED_AUTOS = YES;
				GCC_WARN_UNUSED_VARIABLE = YES;
				IPHONEOS_DEPLOYMENT_TARGET = 6.1;
				OTHER_CFLAGS = "-DNS_BLOCK_ASSERTIONS=1";
				SDKROOT = iphoneos;
				TARGETED_DEVICE_FAMILY = "1,2";
				VALIDATE_PRODUCT = YES;
			};
			name = Release;
		};
		1E984103171409FA00692C86 /* Debug */ = {
			isa = XCBuildConfiguration;
			baseConfigurationReference = ECE4F4F83D234CD8B0DBB9A6 /* Pods.xcconfig */;
			buildSettings = {
				GCC_PRECOMPILE_PREFIX_HEADER = YES;
				GCC_PREFIX_HEADER = "SharingSonic/SharingSonic-Prefix.pch";
				INFOPLIST_FILE = "SharingSonic/SharingSonic-Info.plist";
				PRODUCT_NAME = "$(TARGET_NAME)";
				TARGETED_DEVICE_FAMILY = 1;
				WRAPPER_EXTENSION = app;
			};
			name = Debug;
		};
		1E984104171409FA00692C86 /* Release */ = {
			isa = XCBuildConfiguration;
			baseConfigurationReference = ECE4F4F83D234CD8B0DBB9A6 /* Pods.xcconfig */;
			buildSettings = {
				GCC_PRECOMPILE_PREFIX_HEADER = YES;
				GCC_PREFIX_HEADER = "SharingSonic/SharingSonic-Prefix.pch";
				INFOPLIST_FILE = "SharingSonic/SharingSonic-Info.plist";
				PRODUCT_NAME = "$(TARGET_NAME)";
				TARGETED_DEVICE_FAMILY = 1;
				WRAPPER_EXTENSION = app;
			};
			name = Release;
		};
		1E98412317140A2C00692C86 /* Debug */ = {
			isa = XCBuildConfiguration;
			baseConfigurationReference = 9A0BD9E2EC104D5ABDE71E73 /* Pods-SharingSonicMac.xcconfig */;
			buildSettings = {
				ARCHS = "$(ARCHS_STANDARD_64_BIT)";
				COMBINE_HIDPI_IMAGES = YES;
				FRAMEWORK_SEARCH_PATHS = (
					"$(inherited)",
					"\"$(SYSTEM_APPS_DIR)/Xcode.app/Contents/Developer/Library/Frameworks\"",
				);
				GCC_ENABLE_OBJC_EXCEPTIONS = YES;
				GCC_PRECOMPILE_PREFIX_HEADER = YES;
				GCC_PREFIX_HEADER = "SharingSonicMac/SharingSonicMac-Prefix.pch";
				GCC_WARN_64_TO_32_BIT_CONVERSION = YES;
				INFOPLIST_FILE = "SharingSonicMac/SharingSonicMac-Info.plist";
				MACOSX_DEPLOYMENT_TARGET = 10.8;
				PRODUCT_NAME = "$(TARGET_NAME)";
				SDKROOT = macosx;
				WRAPPER_EXTENSION = app;
			};
			name = Debug;
		};
		1E98412417140A2C00692C86 /* Release */ = {
			isa = XCBuildConfiguration;
			baseConfigurationReference = 9A0BD9E2EC104D5ABDE71E73 /* Pods-SharingSonicMac.xcconfig */;
			buildSettings = {
				ARCHS = "$(ARCHS_STANDARD_64_BIT)";
				COMBINE_HIDPI_IMAGES = YES;
				DEBUG_INFORMATION_FORMAT = "dwarf-with-dsym";
				FRAMEWORK_SEARCH_PATHS = (
					"$(inherited)",
					"\"$(SYSTEM_APPS_DIR)/Xcode.app/Contents/Developer/Library/Frameworks\"",
				);
				GCC_ENABLE_OBJC_EXCEPTIONS = YES;
				GCC_PRECOMPILE_PREFIX_HEADER = YES;
				GCC_PREFIX_HEADER = "SharingSonicMac/SharingSonicMac-Prefix.pch";
				GCC_WARN_64_TO_32_BIT_CONVERSION = YES;
				INFOPLIST_FILE = "SharingSonicMac/SharingSonicMac-Info.plist";
				MACOSX_DEPLOYMENT_TARGET = 10.8;
				PRODUCT_NAME = "$(TARGET_NAME)";
				SDKROOT = macosx;
				WRAPPER_EXTENSION = app;
			};
			name = Release;
		};
/* End XCBuildConfiguration section */

/* Begin XCConfigurationList section */
		1E9840E0171409F900692C86 /* Build configuration list for PBXProject "SharingSonic" */ = {
			isa = XCConfigurationList;
			buildConfigurations = (
				1E984100171409FA00692C86 /* Debug */,
				1E984101171409FA00692C86 /* Release */,
			);
			defaultConfigurationIsVisible = 0;
			defaultConfigurationName = Release;
		};
		1E984102171409FA00692C86 /* Build configuration list for PBXNativeTarget "SharingSonic" */ = {
			isa = XCConfigurationList;
			buildConfigurations = (
				1E984103171409FA00692C86 /* Debug */,
				1E984104171409FA00692C86 /* Release */,
			);
			defaultConfigurationIsVisible = 0;
			defaultConfigurationName = Release;
		};
		1E98412217140A2C00692C86 /* Build configuration list for PBXNativeTarget "SharingSonicMac" */ = {
			isa = XCConfigurationList;
			buildConfigurations = (
				1E98412317140A2C00692C86 /* Debug */,
				1E98412417140A2C00692C86 /* Release */,
			);
			defaultConfigurationIsVisible = 0;
			defaultConfigurationName = Release;
		};
/* End XCConfigurationList section */
	};
	rootObject = 1E9840DD171409F900692C86 /* Project object */;
}
